
Microsoft Visual Studio Solution File, Format Version 11.00
# Visual Studio 2010
Project("{8BC9CEB8-8B4A-11D0-8D11-00A0C91BC942}") = "XMClient", "XMClient\XMClient.vcxproj", "{4DCEB412-FC08-4B54-A137-437F0C2E9028}"
EndProject
Project("{8BC9CEB8-8B4A-11D0-8D11-00A0C91BC942}") = "CEGUIBase", "..\CEGUI-0.7.5\projects\premake\BaseSystem\CEGUIBase.vcxproj", "{191FCE7B-EBE7-1E43-8D65-5E7B838C9AA7}"
EndProject
Project("{8BC9CEB8-8B4A-11D0-8D11-00A0C91BC942}") = "CEGUICoronaImageCodec", "..\CEGUI-0.7.5\projects\premake\ImageCodecModules\CoronaImageCodec\CEGUICoronaImageCodec.vcxproj", "{C8F7EF48-D31D-054E-85A3-45DA6A93F09A}"
EndProject
Project("{8BC9CEB8-8B4A-11D0-8D11-00A0C91BC942}") = "CEGUIDevILImageCodec", "..\CEGUI-0.7.5\projects\premake\ImageCodecModules\DevILImageCodec\CEGUIDevILImageCodec.vcxproj", "{426F2F2B-7BD0-7E4A-95DE-105244AF7B57}"
EndProject
Project("{8BC9CEB8-8B4A-11D0-8D11-00A0C91BC942}") = "CEGUIFreeImageImageCodec", "..\CEGUI-0.7.5\projects\premake\ImageCodecModules\FreeImageImageCodec\CEGUIFreeImageImageCodec.vcxproj", "{7319E6C8-0EFB-B44F-AA6B-B007CA602985}"
EndProject
Project("{8BC9CEB8-8B4A-11D0-8D11-00A0C91BC942}") = "CEGUISILLYImageCodec", "..\CEGUI-0.7.5\projects\premake\ImageCodecModules\SILLYImageCodec\CEGUISILLYImageCodec.vcxproj", "{C073FED0-B1BC-1E4F-BC2C-8654235D9E69}"
EndProject
Project("{8BC9CEB8-8B4A-11D0-8D11-00A0C91BC942}") = "CEGUISTBImageCodec", "..\CEGUI-0.7.5\projects\premake\ImageCodecModules\STBImageCodec\CEGUISTBImageCodec.vcxproj", "{82C3691C-45B7-5C48-9F9A-C2F4FA9AA923}"
EndProject
Project("{8BC9CEB8-8B4A-11D0-8D11-00A0C91BC942}") = "CEGUITGAImageCodec", "..\CEGUI-0.7.5\projects\premake\ImageCodecModules\TGAImageCodec\CEGUITGAImageCodec.vcxproj", "{C4F10E44-D9C0-B446-BABE-7FB10CC91EB6}"
EndProject
Project("{8BC9CEB8-8B4A-11D0-8D11-00A0C91BC942}") = "CEGUIDirect3D9Renderer", "..\CEGUI-0.7.5\projects\premake\RendererModules\Direct3D9\CEGUIDirect3D9Renderer.vcxproj", "{D40FEFEA-830F-6A4C-916E-77D5E013610D}"
EndProject
Project("{8BC9CEB8-8B4A-11D0-8D11-00A0C91BC942}") = "CEGUIOpenGLRenderer", "..\CEGUI-0.7.5\projects\premake\RendererModules\OpenGL\CEGUIOpenGLRenderer.vcxproj", "{E3D79B24-F782-1442-8D7D-AD1D5803E37C}"
EndProject
Project("{8BC9CEB8-8B4A-11D0-8D11-00A0C91BC942}") = "CEGUILuaScriptModule", "..\CEGUI-0.7.5\projects\premake\ScriptingModules\LuaScriptModule\CEGUILuaScriptModule.vcxproj", "{CAAB1AF4-DE8E-3B40-9CCD-0B93D4DA8CA0}"
EndProject
Project("{8BC9CEB8-8B4A-11D0-8D11-00A0C91BC942}") = "CEGUIFalagardWRBase", "..\CEGUI-0.7.5\projects\premake\WindowRendererSets\Falagard\CEGUIFalagardWRBase.vcxproj", "{175EB0F1-C097-F54A-9BD7-AD45A7FDB659}"
EndProject
Project("{8BC9CEB8-8B4A-11D0-8D11-00A0C91BC942}") = "CEGUIExpatParser", "..\CEGUI-0.7.5\projects\premake\XMLParserModules\expatParser\CEGUIExpatParser.vcxproj", "{56457F92-05F5-AC4E-B3C5-B854EB4B4A64}"
EndProject
Project("{8BC9CEB8-8B4A-11D0-8D11-00A0C91BC942}") = "tolua++", "..\CEGUI-0.7.5\projects\premake\ScriptingModules\LuaScriptModule\support\tolua++\tolua++.vcxproj", "{5AF85642-E5E4-AC4B-A587-553AB98129DF}"
EndProject
Project("{8BC9CEB8-8B4A-11D0-8D11-00A0C91BC942}") = "tolua++cegui", "..\CEGUI-0.7.5\projects\premake\ScriptingModules\LuaScriptModule\support\tolua++bin\tolua++cegui.vcxproj", "{ABA3AFBE-4204-9B49-AE70-462D1620DD5D}"
EndProject
Global
	GlobalSection(SolutionConfigurationPlatforms) = preSolution
		Debug_Static|Win32 = Debug_Static|Win32
		Debug|Win32 = Debug|Win32
		Release_Static|Win32 = Release_Static|Win32
		Release|Win32 = Release|Win32
		ReleaseWithSymbols|Win32 = ReleaseWithSymbols|Win32
	EndGlobalSection
	GlobalSection(ProjectConfigurationPlatforms) = postSolution
		{4DCEB412-FC08-4B54-A137-437F0C2E9028}.Debug_Static|Win32.ActiveCfg = Debug|Win32
		{4DCEB412-FC08-4B54-A137-437F0C2E9028}.Debug_Static|Win32.Build.0 = Debug|Win32
		{4DCEB412-FC08-4B54-A137-437F0C2E9028}.Debug|Win32.ActiveCfg = Debug|Win32
		{4DCEB412-FC08-4B54-A137-437F0C2E9028}.Debug|Win32.Build.0 = Debug|Win32
		{4DCEB412-FC08-4B54-A137-437F0C2E9028}.Release_Static|Win32.ActiveCfg = Release|Win32
		{4DCEB412-FC08-4B54-A137-437F0C2E9028}.Release_Static|Win32.Build.0 = Release|Win32
		{4DCEB412-FC08-4B54-A137-437F0C2E9028}.Release|Win32.ActiveCfg = Release|Win32
		{4DCEB412-FC08-4B54-A137-437F0C2E9028}.Release|Win32.Build.0 = Release|Win32
		{4DCEB412-FC08-4B54-A137-437F0C2E9028}.ReleaseWithSymbols|Win32.ActiveCfg = Release|Win32
		{4DCEB412-FC08-4B54-A137-437F0C2E9028}.ReleaseWithSymbols|Win32.Build.0 = Release|Win32
		{191FCE7B-EBE7-1E43-8D65-5E7B838C9AA7}.Debug_Static|Win32.ActiveCfg = Debug_Static|Win32
		{191FCE7B-EBE7-1E43-8D65-5E7B838C9AA7}.Debug_Static|Win32.Build.0 = Debug_Static|Win32
		{191FCE7B-EBE7-1E43-8D65-5E7B838C9AA7}.Debug|Win32.ActiveCfg = Debug|Win32
		{191FCE7B-EBE7-1E43-8D65-5E7B838C9AA7}.Debug|Win32.Build.0 = Debug|Win32
		{191FCE7B-EBE7-1E43-8D65-5E7B838C9AA7}.Release_Static|Win32.ActiveCfg = Release_Static|Win32
		{191FCE7B-EBE7-1E43-8D65-5E7B838C9AA7}.Release_Static|Win32.Build.0 = Release_Static|Win32
		{191FCE7B-EBE7-1E43-8D65-5E7B838C9AA7}.Release|Win32.ActiveCfg = Release|Win32
		{191FCE7B-EBE7-1E43-8D65-5E7B838C9AA7}.Release|Win32.Build.0 = Release|Win32
		{191FCE7B-EBE7-1E43-8D65-5E7B838C9AA7}.ReleaseWithSymbols|Win32.ActiveCfg = ReleaseWithSymbols|Win32
		{191FCE7B-EBE7-1E43-8D65-5E7B838C9AA7}.ReleaseWithSymbols|Win32.Build.0 = ReleaseWithSymbols|Win32
		{C8F7EF48-D31D-054E-85A3-45DA6A93F09A}.Debug_Static|Win32.ActiveCfg = Debug_Static|Win32
		{C8F7EF48-D31D-054E-85A3-45DA6A93F09A}.Debug_Static|Win32.Build.0 = Debug_Static|Win32
		{C8F7EF48-D31D-054E-85A3-45DA6A93F09A}.Debug|Win32.ActiveCfg = Debug|Win32
		{C8F7EF48-D31D-054E-85A3-45DA6A93F09A}.Debug|Win32.Build.0 = Debug|Win32
		{C8F7EF48-D31D-054E-85A3-45DA6A93F09A}.Release_Static|Win32.ActiveCfg = Release_Static|Win32
		{C8F7EF48-D31D-054E-85A3-45DA6A93F09A}.Release_Static|Win32.Build.0 = Release_Static|Win32
		{C8F7EF48-D31D-054E-85A3-45DA6A93F09A}.Release|Win32.ActiveCfg = Release|Win32
		{C8F7EF48-D31D-054E-85A3-45DA6A93F09A}.Release|Win32.Build.0 = Release|Win32
		{C8F7EF48-D31D-054E-85A3-45DA6A93F09A}.ReleaseWithSymbols|Win32.ActiveCfg = ReleaseWithSymbols|Win32
		{C8F7EF48-D31D-054E-85A3-45DA6A93F09A}.ReleaseWithSymbols|Win32.Build.0 = ReleaseWithSymbols|Win32
		{426F2F2B-7BD0-7E4A-95DE-105244AF7B57}.Debug_Static|Win32.ActiveCfg = Debug_Static|Win32
		{426F2F2B-7BD0-7E4A-95DE-105244AF7B57}.Debug_Static|Win32.Build.0 = Debug_Static|Win32
		{426F2F2B-7BD0-7E4A-95DE-105244AF7B57}.Debug|Win32.ActiveCfg = Debug|Win32
		{426F2F2B-7BD0-7E4A-95DE-105244AF7B57}.Debug|Win32.Build.0 = Debug|Win32
		{426F2F2B-7BD0-7E4A-95DE-105244AF7B57}.Release_Static|Win32.ActiveCfg = Release_Static|Win32
		{426F2F2B-7BD0-7E4A-95DE-105244AF7B57}.Release_Static|Win32.Build.0 = Release_Static|Win32
		{426F2F2B-7BD0-7E4A-95DE-105244AF7B57}.Release|Win32.ActiveCfg = Release|Win32
		{426F2F2B-7BD0-7E4A-95DE-105244AF7B57}.Release|Win32.Build.0 = Release|Win32
		{426F2F2B-7BD0-7E4A-95DE-105244AF7B57}.ReleaseWithSymbols|Win32.ActiveCfg = ReleaseWithSymbols|Win32
		{426F2F2B-7BD0-7E4A-95DE-105244AF7B57}.ReleaseWithSymbols|Win32.Build.0 = ReleaseWithSymbols|Win32
		{7319E6C8-0EFB-B44F-AA6B-B007CA602985}.Debug_Static|Win32.ActiveCfg = Debug_Static|Win32
		{7319E6C8-0EFB-B44F-AA6B-B007CA602985}.Debug_Static|Win32.Build.0 = Debug_Static|Win32
		{7319E6C8-0EFB-B44F-AA6B-B007CA602985}.Debug|Win32.ActiveCfg = Debug|Win32
		{7319E6C8-0EFB-B44F-AA6B-B007CA602985}.Debug|Win32.Build.0 = Debug|Win32
		{7319E6C8-0EFB-B44F-AA6B-B007CA602985}.Release_Static|Win32.ActiveCfg = Release_Static|Win32
		{7319E6C8-0EFB-B44F-AA6B-B007CA602985}.Release_Static|Win32.Build.0 = Release_Static|Win32
		{7319E6C8-0EFB-B44F-AA6B-B007CA602985}.Release|Win32.ActiveCfg = Release|Win32
		{7319E6C8-0EFB-B44F-AA6B-B007CA602985}.Release|Win32.Build.0 = Release|Win32
		{7319E6C8-0EFB-B44F-AA6B-B007CA602985}.ReleaseWithSymbols|Win32.ActiveCfg = ReleaseWithSymbols|Win32
		{7319E6C8-0EFB-B44F-AA6B-B007CA602985}.ReleaseWithSymbols|Win32.Build.0 = ReleaseWithSymbols|Win32
		{C073FED0-B1BC-1E4F-BC2C-8654235D9E69}.Debug_Static|Win32.ActiveCfg = Debug_Static|Win32
		{C073FED0-B1BC-1E4F-BC2C-8654235D9E69}.Debug_Static|Win32.Build.0 = Debug_Static|Win32
		{C073FED0-B1BC-1E4F-BC2C-8654235D9E69}.Debug|Win32.ActiveCfg = Debug|Win32
		{C073FED0-B1BC-1E4F-BC2C-8654235D9E69}.Debug|Win32.Build.0 = Debug|Win32
		{C073FED0-B1BC-1E4F-BC2C-8654235D9E69}.Release_Static|Win32.ActiveCfg = Release_Static|Win32
		{C073FED0-B1BC-1E4F-BC2C-8654235D9E69}.Release_Static|Win32.Build.0 = Release_Static|Win32
		{C073FED0-B1BC-1E4F-BC2C-8654235D9E69}.Release|Win32.ActiveCfg = Release|Win32
		{C073FED0-B1BC-1E4F-BC2C-8654235D9E69}.Release|Win32.Build.0 = Release|Win32
		{C073FED0-B1BC-1E4F-BC2C-8654235D9E69}.ReleaseWithSymbols|Win32.ActiveCfg = ReleaseWithSymbols|Win32
		{C073FED0-B1BC-1E4F-BC2C-8654235D9E69}.ReleaseWithSymbols|Win32.Build.0 = ReleaseWithSymbols|Win32
		{82C3691C-45B7-5C48-9F9A-C2F4FA9AA923}.Debug_Static|Win32.ActiveCfg = Debug_Static|Win32
		{82C3691C-45B7-5C48-9F9A-C2F4FA9AA923}.Debug_Static|Win32.Build.0 = Debug_Static|Win32
		{82C3691C-45B7-5C48-9F9A-C2F4FA9AA923}.Debug|Win32.ActiveCfg = Debug|Win32
		{82C3691C-45B7-5C48-9F9A-C2F4FA9AA923}.Debug|Win32.Build.0 = Debug|Win32
		{82C3691C-45B7-5C48-9F9A-C2F4FA9AA923}.Release_Static|Win32.ActiveCfg = Release_Static|Win32
		{82C3691C-45B7-5C48-9F9A-C2F4FA9AA923}.Release_Static|Win32.Build.0 = Release_Static|Win32
		{82C3691C-45B7-5C48-9F9A-C2F4FA9AA923}.Release|Win32.ActiveCfg = Release|Win32
		{82C3691C-45B7-5C48-9F9A-C2F4FA9AA923}.Release|Win32.Build.0 = Release|Win32
		{82C3691C-45B7-5C48-9F9A-C2F4FA9AA923}.ReleaseWithSymbols|Win32.ActiveCfg = ReleaseWithSymbols|Win32
		{82C3691C-45B7-5C48-9F9A-C2F4FA9AA923}.ReleaseWithSymbols|Win32.Build.0 = ReleaseWithSymbols|Win32
		{C4F10E44-D9C0-B446-BABE-7FB10CC91EB6}.Debug_Static|Win32.ActiveCfg = Debug_Static|Win32
		{C4F10E44-D9C0-B446-BABE-7FB10CC91EB6}.Debug_Static|Win32.Build.0 = Debug_Static|Win32
		{C4F10E44-D9C0-B446-BABE-7FB10CC91EB6}.Debug|Win32.ActiveCfg = Debug|Win32
		{C4F10E44-D9C0-B446-BABE-7FB10CC91EB6}.Debug|Win32.Build.0 = Debug|Win32
		{C4F10E44-D9C0-B446-BABE-7FB10CC91EB6}.Release_Static|Win32.ActiveCfg = Release_Static|Win32
		{C4F10E44-D9C0-B446-BABE-7FB10CC91EB6}.Release_Static|Win32.Build.0 = Release_Static|Win32
		{C4F10E44-D9C0-B446-BABE-7FB10CC91EB6}.Release|Win32.ActiveCfg = Release|Win32
		{C4F10E44-D9C0-B446-BABE-7FB10CC91EB6}.Release|Win32.Build.0 = Release|Win32
		{C4F10E44-D9C0-B446-BABE-7FB10CC91EB6}.ReleaseWithSymbols|Win32.ActiveCfg = ReleaseWithSymbols|Win32
		{C4F10E44-D9C0-B446-BABE-7FB10CC91EB6}.ReleaseWithSymbols|Win32.Build.0 = ReleaseWithSymbols|Win32
		{D40FEFEA-830F-6A4C-916E-77D5E013610D}.Debug_Static|Win32.ActiveCfg = Debug_Static|Win32
		{D40FEFEA-830F-6A4C-916E-77D5E013610D}.Debug_Static|Win32.Build.0 = Debug_Static|Win32
		{D40FEFEA-830F-6A4C-916E-77D5E013610D}.Debug|Win32.ActiveCfg = Debug|Win32
		{D40FEFEA-830F-6A4C-916E-77D5E013610D}.Debug|Win32.Build.0 = Debug|Win32
		{D40FEFEA-830F-6A4C-916E-77D5E013610D}.Release_Static|Win32.ActiveCfg = Release_Static|Win32
		{D40FEFEA-830F-6A4C-916E-77D5E013610D}.Release_Static|Win32.Build.0 = Release_Static|Win32
		{D40FEFEA-830F-6A4C-916E-77D5E013610D}.Release|Win32.ActiveCfg = Release|Win32
		{D40FEFEA-830F-6A4C-916E-77D5E013610D}.Release|Win32.Build.0 = Release|Win32
		{D40FEFEA-830F-6A4C-916E-77D5E013610D}.ReleaseWithSymbols|Win32.ActiveCfg = ReleaseWithSymbols|Win32
		{D40FEFEA-830F-6A4C-916E-77D5E013610D}.ReleaseWithSymbols|Win32.Build.0 = ReleaseWithSymbols|Win32
		{E3D79B24-F782-1442-8D7D-AD1D5803E37C}.Debug_Static|Win32.ActiveCfg = Debug_Static|Win32
		{E3D79B24-F782-1442-8D7D-AD1D5803E37C}.Debug_Static|Win32.Build.0 = Debug_Static|Win32
		{E3D79B24-F782-1442-8D7D-AD1D5803E37C}.Debug|Win32.ActiveCfg = Debug|Win32
		{E3D79B24-F782-1442-8D7D-AD1D5803E37C}.Debug|Win32.Build.0 = Debug|Win32
		{E3D79B24-F782-1442-8D7D-AD1D5803E37C}.Release_Static|Win32.ActiveCfg = Release_Static|Win32
		{E3D79B24-F782-1442-8D7D-AD1D5803E37C}.Release_Static|Win32.Build.0 = Release_Static|Win32
		{E3D79B24-F782-1442-8D7D-AD1D5803E37C}.Release|Win32.ActiveCfg = Release|Win32
		{E3D79B24-F782-1442-8D7D-AD1D5803E37C}.Release|Win32.Build.0 = Release|Win32
		{E3D79B24-F782-1442-8D7D-AD1D5803E37C}.ReleaseWithSymbols|Win32.ActiveCfg = ReleaseWithSymbols|Win32
		{E3D79B24-F782-1442-8D7D-AD1D5803E37C}.ReleaseWithSymbols|Win32.Build.0 = ReleaseWithSymbols|Win32
		{CAAB1AF4-DE8E-3B40-9CCD-0B93D4DA8CA0}.Debug_Static|Win32.ActiveCfg = Debug_Static|Win32
		{CAAB1AF4-DE8E-3B40-9CCD-0B93D4DA8CA0}.Debug_Static|Win32.Build.0 = Debug_Static|Win32
		{CAAB1AF4-DE8E-3B40-9CCD-0B93D4DA8CA0}.Debug|Win32.ActiveCfg = Debug|Win32
		{CAAB1AF4-DE8E-3B40-9CCD-0B93D4DA8CA0}.Debug|Win32.Build.0 = Debug|Win32
		{CAAB1AF4-DE8E-3B40-9CCD-0B93D4DA8CA0}.Release_Static|Win32.ActiveCfg = Release_Static|Win32
		{CAAB1AF4-DE8E-3B40-9CCD-0B93D4DA8CA0}.Release_Static|Win32.Build.0 = Release_Static|Win32
		{CAAB1AF4-DE8E-3B40-9CCD-0B93D4DA8CA0}.Release|Win32.ActiveCfg = Release|Win32
		{CAAB1AF4-DE8E-3B40-9CCD-0B93D4DA8CA0}.Release|Win32.Build.0 = Release|Win32
		{CAAB1AF4-DE8E-3B40-9CCD-0B93D4DA8CA0}.ReleaseWithSymbols|Win32.ActiveCfg = ReleaseWithSymbols|Win32
		{CAAB1AF4-DE8E-3B40-9CCD-0B93D4DA8CA0}.ReleaseWithSymbols|Win32.Build.0 = ReleaseWithSymbols|Win32
		{175EB0F1-C097-F54A-9BD7-AD45A7FDB659}.Debug_Static|Win32.ActiveCfg = Debug_Static|Win32
		{175EB0F1-C097-F54A-9BD7-AD45A7FDB659}.Debug_Static|Win32.Build.0 = Debug_Static|Win32
		{175EB0F1-C097-F54A-9BD7-AD45A7FDB659}.Debug|Win32.ActiveCfg = Debug|Win32
		{175EB0F1-C097-F54A-9BD7-AD45A7FDB659}.Debug|Win32.Build.0 = Debug|Win32
		{175EB0F1-C097-F54A-9BD7-AD45A7FDB659}.Release_Static|Win32.ActiveCfg = Release_Static|Win32
		{175EB0F1-C097-F54A-9BD7-AD45A7FDB659}.Release_Static|Win32.Build.0 = Release_Static|Win32
		{175EB0F1-C097-F54A-9BD7-AD45A7FDB659}.Release|Win32.ActiveCfg = Release|Win32
		{175EB0F1-C097-F54A-9BD7-AD45A7FDB659}.Release|Win32.Build.0 = Release|Win32
		{175EB0F1-C097-F54A-9BD7-AD45A7FDB659}.ReleaseWithSymbols|Win32.ActiveCfg = ReleaseWithSymbols|Win32
		{175EB0F1-C097-F54A-9BD7-AD45A7FDB659}.ReleaseWithSymbols|Win32.Build.0 = ReleaseWithSymbols|Win32
		{56457F92-05F5-AC4E-B3C5-B854EB4B4A64}.Debug_Static|Win32.ActiveCfg = Debug_Static|Win32
		{56457F92-05F5-AC4E-B3C5-B854EB4B4A64}.Debug_Static|Win32.Build.0 = Debug_Static|Win32
		{56457F92-05F5-AC4E-B3C5-B854EB4B4A64}.Debug|Win32.ActiveCfg = Debug|Win32
		{56457F92-05F5-AC4E-B3C5-B854EB4B4A64}.Debug|Win32.Build.0 = Debug|Win32
		{56457F92-05F5-AC4E-B3C5-B854EB4B4A64}.Release_Static|Win32.ActiveCfg = Release_Static|Win32
		{56457F92-05F5-AC4E-B3C5-B854EB4B4A64}.Release_Static|Win32.Build.0 = Release_Static|Win32
		{56457F92-05F5-AC4E-B3C5-B854EB4B4A64}.Release|Win32.ActiveCfg = Release|Win32
		{56457F92-05F5-AC4E-B3C5-B854EB4B4A64}.Release|Win32.Build.0 = Release|Win32
		{56457F92-05F5-AC4E-B3C5-B854EB4B4A64}.ReleaseWithSymbols|Win32.ActiveCfg = ReleaseWithSymbols|Win32
		{56457F92-05F5-AC4E-B3C5-B854EB4B4A64}.ReleaseWithSymbols|Win32.Build.0 = ReleaseWithSymbols|Win32
		{5AF85642-E5E4-AC4B-A587-553AB98129DF}.Debug_Static|Win32.ActiveCfg = Debug_Static|Win32
		{5AF85642-E5E4-AC4B-A587-553AB98129DF}.Debug_Static|Win32.Build.0 = Debug_Static|Win32
		{5AF85642-E5E4-AC4B-A587-553AB98129DF}.Debug|Win32.ActiveCfg = Debug|Win32
		{5AF85642-E5E4-AC4B-A587-553AB98129DF}.Debug|Win32.Build.0 = Debug|Win32
		{5AF85642-E5E4-AC4B-A587-553AB98129DF}.Release_Static|Win32.ActiveCfg = Release_Static|Win32
		{5AF85642-E5E4-AC4B-A587-553AB98129DF}.Release_Static|Win32.Build.0 = Release_Static|Win32
		{5AF85642-E5E4-AC4B-A587-553AB98129DF}.Release|Win32.ActiveCfg = Release|Win32
		{5AF85642-E5E4-AC4B-A587-553AB98129DF}.Release|Win32.Build.0 = Release|Win32
		{5AF85642-E5E4-AC4B-A587-553AB98129DF}.ReleaseWithSymbols|Win32.ActiveCfg = ReleaseWithSymbols|Win32
		{5AF85642-E5E4-AC4B-A587-553AB98129DF}.ReleaseWithSymbols|Win32.Build.0 = ReleaseWithSymbols|Win32
		{ABA3AFBE-4204-9B49-AE70-462D1620DD5D}.Debug_Static|Win32.ActiveCfg = Debug_Static|Win32
		{ABA3AFBE-4204-9B49-AE70-462D1620DD5D}.Debug_Static|Win32.Build.0 = Debug_Static|Win32
		{ABA3AFBE-4204-9B49-AE70-462D1620DD5D}.Debug|Win32.ActiveCfg = Debug|Win32
		{ABA3AFBE-4204-9B49-AE70-462D1620DD5D}.Debug|Win32.Build.0 = Debug|Win32
		{ABA3AFBE-4204-9B49-AE70-462D1620DD5D}.Release_Static|Win32.ActiveCfg = Release_Static|Win32
		{ABA3AFBE-4204-9B49-AE70-462D1620DD5D}.Release_Static|Win32.Build.0 = Release_Static|Win32
		{ABA3AFBE-4204-9B49-AE70-462D1620DD5D}.Release|Win32.ActiveCfg = Release|Win32
		{ABA3AFBE-4204-9B49-AE70-462D1620DD5D}.Release|Win32.Build.0 = Release|Win32
		{ABA3AFBE-4204-9B49-AE70-462D1620DD5D}.ReleaseWithSymbols|Win32.ActiveCfg = ReleaseWithSymbols|Win32
		{ABA3AFBE-4204-9B49-AE70-462D1620DD5D}.ReleaseWithSymbols|Win32.Build.0 = ReleaseWithSymbols|Win32
	EndGlobalSection
	GlobalSection(SolutionProperties) = preSolution
		HideSolutionNode = FALSE
	EndGlobalSection
EndGlobal
