<?xml version="1.0" encoding="utf-8"?>
<Project ToolsVersion="4.0" xmlns="http://schemas.microsoft.com/developer/msbuild/2003">
  <ItemGroup>
    <Filter Include="cegui">
      <UniqueIdentifier>{08e9bd3a-62ea-4967-be2d-5d5e620cc09b}</UniqueIdentifier>
    </Filter>
    <Filter Include="cegui\src">
      <UniqueIdentifier>{6b9ee52a-025e-4c0e-aa55-94ee6a1113e2}</UniqueIdentifier>
    </Filter>
    <Filter Include="cegui\src\ScriptingModules">
      <UniqueIdentifier>{e9e53cb6-ec38-4093-8fc0-8a565990bc5a}</UniqueIdentifier>
    </Filter>
    <Filter Include="cegui\src\ScriptingModules\LuaScriptModule">
      <UniqueIdentifier>{5aa9cc95-0fc2-4aff-8cc4-1b43d2b4dc84}</UniqueIdentifier>
    </Filter>
    <Filter Include="cegui\include">
      <UniqueIdentifier>{3531e315-5998-4192-81ef-f8d78abd34bb}</UniqueIdentifier>
    </Filter>
    <Filter Include="cegui\include\ScriptingModules">
      <UniqueIdentifier>{769a0c6a-ff62-40db-952b-49a31d636010}</UniqueIdentifier>
    </Filter>
    <Filter Include="cegui\include\ScriptingModules\LuaScriptModule">
      <UniqueIdentifier>{2c0375cc-3d2e-44e8-a237-098d89c12661}</UniqueIdentifier>
    </Filter>
  </ItemGroup>
  <ItemGroup>
    <ClCompile Include="..\..\..\..\cegui\src\ScriptingModules\LuaScriptModule\CEGUILua.cpp">
      <Filter>cegui\src\ScriptingModules\LuaScriptModule</Filter>
    </ClCompile>
    <ClCompile Include="..\..\..\..\cegui\src\ScriptingModules\LuaScriptModule\CEGUILuaFunctor.cpp">
      <Filter>cegui\src\ScriptingModules\LuaScriptModule</Filter>
    </ClCompile>
    <ClCompile Include="..\..\..\..\cegui\src\ScriptingModules\LuaScriptModule\lua_CEGUI.cpp">
      <Filter>cegui\src\ScriptingModules\LuaScriptModule</Filter>
    </ClCompile>
    <ClCompile Include="..\..\..\..\cegui\src\ScriptingModules\LuaScriptModule\required.cpp">
      <Filter>cegui\src\ScriptingModules\LuaScriptModule</Filter>
    </ClCompile>
  </ItemGroup>
  <ItemGroup>
    <ClInclude Include="..\..\..\..\cegui\src\ScriptingModules\LuaScriptModule\required.h">
      <Filter>cegui\src\ScriptingModules\LuaScriptModule</Filter>
    </ClInclude>
    <ClInclude Include="..\..\..\..\cegui\include\ScriptingModules\LuaScriptModule\CEGUILua.h">
      <Filter>cegui\include\ScriptingModules\LuaScriptModule</Filter>
    </ClInclude>
    <ClInclude Include="..\..\..\..\cegui\include\ScriptingModules\LuaScriptModule\CEGUILuaFunctor.h">
      <Filter>cegui\include\ScriptingModules\LuaScriptModule</Filter>
    </ClInclude>
  </ItemGroup>
</Project>