<?xml version="1.0" encoding="utf-8"?>
<Project ToolsVersion="4.0" xmlns="http://schemas.microsoft.com/developer/msbuild/2003">
  <ItemGroup>
    <ClCompile Include="src\OgreShaderFFPColour.cpp">
      <Filter>Source Files</Filter>
    </ClCompile>
    <ClCompile Include="src\OgreShaderFFPFog.cpp">
      <Filter>Source Files</Filter>
    </ClCompile>
    <ClCompile Include="src\OgreShaderFFPLighting.cpp">
      <Filter>Source Files</Filter>
    </ClCompile>
    <ClCompile Include="src\OgreShaderFFPRenderStateBuilder.cpp">
      <Filter>Source Files</Filter>
    </ClCompile>
    <ClCompile Include="src\OgreShaderFFPTexturing.cpp">
      <Filter>Source Files</Filter>
    </ClCompile>
    <ClCompile Include="src\OgreShaderFFPTransform.cpp">
      <Filter>Source Files</Filter>
    </ClCompile>
    <ClCompile Include="src\OgreShaderFunction.cpp">
      <Filter>Source Files</Filter>
    </ClCompile>
    <ClCompile Include="src\OgreShaderFunctionAtom.cpp">
      <Filter>Source Files</Filter>
    </ClCompile>
    <ClCompile Include="src\OgreShaderGenerator.cpp">
      <Filter>Source Files</Filter>
    </ClCompile>
    <ClCompile Include="src\OgreShaderParameter.cpp">
      <Filter>Source Files</Filter>
    </ClCompile>
    <ClCompile Include="src\OgreShaderProgram.cpp">
      <Filter>Source Files</Filter>
    </ClCompile>
    <ClCompile Include="src\OgreShaderProgramManager.cpp">
      <Filter>Source Files</Filter>
    </ClCompile>
    <ClCompile Include="src\OgreShaderProgramSet.cpp">
      <Filter>Source Files</Filter>
    </ClCompile>
    <ClCompile Include="src\OgreShaderProgramWriter.cpp">
      <Filter>Source Files</Filter>
    </ClCompile>
    <ClCompile Include="src\OgreShaderRenderState.cpp">
      <Filter>Source Files</Filter>
    </ClCompile>
    <ClCompile Include="src\OgreShaderSubRenderState.cpp">
      <Filter>Source Files</Filter>
    </ClCompile>
    <ClCompile Include="src\OgreShaderExNormalMapLighting.cpp">
      <Filter>Source Files</Filter>
    </ClCompile>
    <ClCompile Include="src\OgreShaderExPerPixelLighting.cpp">
      <Filter>Source Files</Filter>
    </ClCompile>
    <ClCompile Include="src\OgreShaderExIntegratedPSSM3.cpp">
      <Filter>Source Files</Filter>
    </ClCompile>
    <ClCompile Include="src\OgreShaderScriptTranslator.cpp">
      <Filter>Source Files</Filter>
    </ClCompile>
    <ClCompile Include="src\OgreShaderMaterialSerializerListener.cpp">
      <Filter>Source Files</Filter>
    </ClCompile>
    <ClCompile Include="src\OgreShaderProgramProcessor.cpp">
      <Filter>Source Files</Filter>
    </ClCompile>
    <ClCompile Include="src\OgreShaderCGProgramProcessor.cpp">
      <Filter>Source Files</Filter>
    </ClCompile>
    <ClCompile Include="src\OgreShaderCGProgramWriter.cpp">
      <Filter>Source Files</Filter>
    </ClCompile>
    <ClCompile Include="src\OgreShaderGLSLProgramProcessor.cpp">
      <Filter>Source Files</Filter>
    </ClCompile>
    <ClCompile Include="src\OgreShaderGLSLProgramWriter.cpp">
      <Filter>Source Files</Filter>
    </ClCompile>
    <ClCompile Include="src\OgreShaderProgramWriterManager.cpp">
      <Filter>Source Files</Filter>
    </ClCompile>
    <ClCompile Include="src\OgreShaderHLSLProgramProcessor.cpp">
      <Filter>Source Files</Filter>
    </ClCompile>
    <ClCompile Include="src\OgreShaderHLSLProgramWriter.cpp">
      <Filter>Source Files</Filter>
    </ClCompile>
  </ItemGroup>
  <ItemGroup>
    <ClInclude Include="include\OgreRTShaderSystem.h">
      <Filter>Header Files</Filter>
    </ClInclude>
    <ClInclude Include="include\OgreShaderPrerequisites.h">
      <Filter>Header Files</Filter>
    </ClInclude>
    <ClInclude Include="include\OgreShaderFFPColour.h">
      <Filter>Header Files</Filter>
    </ClInclude>
    <ClInclude Include="include\OgreShaderFFPFog.h">
      <Filter>Header Files</Filter>
    </ClInclude>
    <ClInclude Include="include\OgreShaderFFPLighting.h">
      <Filter>Header Files</Filter>
    </ClInclude>
    <ClInclude Include="include\OgreShaderFFPRenderState.h">
      <Filter>Header Files</Filter>
    </ClInclude>
    <ClInclude Include="include\OgreShaderFFPRenderStateBuilder.h">
      <Filter>Header Files</Filter>
    </ClInclude>
    <ClInclude Include="include\OgreShaderFFPTexturing.h">
      <Filter>Header Files</Filter>
    </ClInclude>
    <ClInclude Include="include\OgreShaderFFPTransform.h">
      <Filter>Header Files</Filter>
    </ClInclude>
    <ClInclude Include="include\OgreShaderFunction.h">
      <Filter>Header Files</Filter>
    </ClInclude>
    <ClInclude Include="include\OgreShaderFunctionAtom.h">
      <Filter>Header Files</Filter>
    </ClInclude>
    <ClInclude Include="include\OgreShaderGenerator.h">
      <Filter>Header Files</Filter>
    </ClInclude>
    <ClInclude Include="include\OgreShaderParameter.h">
      <Filter>Header Files</Filter>
    </ClInclude>
    <ClInclude Include="include\OgreShaderProgram.h">
      <Filter>Header Files</Filter>
    </ClInclude>
    <ClInclude Include="include\OgreShaderProgramManager.h">
      <Filter>Header Files</Filter>
    </ClInclude>
    <ClInclude Include="include\OgreShaderProgramSet.h">
      <Filter>Header Files</Filter>
    </ClInclude>
    <ClInclude Include="include\OgreShaderProgramWriter.h">
      <Filter>Header Files</Filter>
    </ClInclude>
    <ClInclude Include="include\OgreShaderRenderState.h">
      <Filter>Header Files</Filter>
    </ClInclude>
    <ClInclude Include="include\OgreShaderSubRenderState.h">
      <Filter>Header Files</Filter>
    </ClInclude>
    <ClInclude Include="include\OgreShaderExNormalMapLighting.h">
      <Filter>Header Files</Filter>
    </ClInclude>
    <ClInclude Include="include\OgreShaderExPerPixelLighting.h">
      <Filter>Header Files</Filter>
    </ClInclude>
    <ClInclude Include="include\OgreShaderExIntegratedPSSM3.h">
      <Filter>Header Files</Filter>
    </ClInclude>
    <ClInclude Include="include\OgreShaderScriptTranslator.h">
      <Filter>Header Files</Filter>
    </ClInclude>
    <ClInclude Include="include\OgreShaderMaterialSerializerListener.h">
      <Filter>Header Files</Filter>
    </ClInclude>
    <ClInclude Include="include\OgreShaderProgramProcessor.h">
      <Filter>Header Files</Filter>
    </ClInclude>
    <ClInclude Include="include\OgreShaderCGProgramProcessor.h">
      <Filter>Header Files</Filter>
    </ClInclude>
    <ClInclude Include="include\OgreShaderCGProgramWriter.h">
      <Filter>Header Files</Filter>
    </ClInclude>
    <ClInclude Include="include\OgreShaderGLSLProgramProcessor.h">
      <Filter>Header Files</Filter>
    </ClInclude>
    <ClInclude Include="include\OgreShaderGLSLProgramWriter.h">
      <Filter>Header Files</Filter>
    </ClInclude>
    <ClInclude Include="include\OgreShaderProgramWriterManager.h">
      <Filter>Header Files</Filter>
    </ClInclude>
    <ClInclude Include="include\OgreShaderHLSLProgramProcessor.h">
      <Filter>Header Files</Filter>
    </ClInclude>
    <ClInclude Include="include\OgreShaderHLSLProgramWriter.h">
      <Filter>Header Files</Filter>
    </ClInclude>
  </ItemGroup>
  <ItemGroup>
  </ItemGroup>
  <ItemGroup>
  </ItemGroup>
  <ItemGroup>
  </ItemGroup>
  <ItemGroup>
    <Filter Include="Source Files">
      <UniqueIdentifier>{67BA8F94-C6DC-4664-9411-311A4C2E559C}</UniqueIdentifier>
    </Filter>
    <Filter Include="Header Files">
      <UniqueIdentifier>{D8D196DD-352B-449E-B4F6-F0B07741718D}</UniqueIdentifier>
    </Filter>
  </ItemGroup>
  <ItemGroup>
  </ItemGroup>
</Project>
