Microsoft Visual Studio Solution File, Format Version 11.00
# Visual Studio 2010
Project("{8BC9CEB8-8B4A-11D0-8D11-00A0C91BC942}") = "MultiVMR9", "MultiVMR9.vcxproj", "{A1D77AB0-3844-8987-DE3C-8C7238CCE442}"
EndProject
Project("{8BC9CEB8-8B4A-11D0-8D11-00A0C91BC942}") = "MultiSrcPlayer", "..\MultiSrcPlayer\MultiSrcPlayer.vcxproj", "{BDEAA6E8-86E6-42C4-A848-5B9CFE9B871F}"
EndProject
Project("{8BC9CEB8-8B4A-11D0-8D11-00A0C91BC942}") = "MVMUSER", "..\MVMUSER\MVMUSER.vcxproj", "{4B99B811-BA5B-447E-9446-6F56FF09D572}"
EndProject
Global
	GlobalSection(SolutionConfigurationPlatforms) = preSolution
		Debug Unicode|Win32 = Debug Unicode|Win32
		Debug|Win32 = Debug|Win32
		Release Unicode|Win32 = Release Unicode|Win32
		Release|Win32 = Release|Win32
		Template|Win32 = Template|Win32
	EndGlobalSection
	GlobalSection(ProjectConfigurationPlatforms) = postSolution
		{A1D77AB0-3844-8987-DE3C-8C7238CCE442}.Debug Unicode|Win32.ActiveCfg = Debug Unicode|Win32
		{A1D77AB0-3844-8987-DE3C-8C7238CCE442}.Debug|Win32.ActiveCfg = Debug|Win32
		{A1D77AB0-3844-8987-DE3C-8C7238CCE442}.Release Unicode|Win32.ActiveCfg = Release Unicode|Win32
		{A1D77AB0-3844-8987-DE3C-8C7238CCE442}.Release|Win32.ActiveCfg = Release|Win32
		{A1D77AB0-3844-8987-DE3C-8C7238CCE442}.Template|Win32.ActiveCfg = Release|Win32
		{A1D77AB0-3844-8987-DE3C-8C7238CCE442}.Template|Win32.Build.0 = Release|Win32
		{BDEAA6E8-86E6-42C4-A848-5B9CFE9B871F}.Debug Unicode|Win32.ActiveCfg = Debug|Win32
		{BDEAA6E8-86E6-42C4-A848-5B9CFE9B871F}.Debug Unicode|Win32.Build.0 = Debug|Win32
		{BDEAA6E8-86E6-42C4-A848-5B9CFE9B871F}.Debug|Win32.ActiveCfg = Debug|Win32
		{BDEAA6E8-86E6-42C4-A848-5B9CFE9B871F}.Debug|Win32.Build.0 = Debug|Win32
		{BDEAA6E8-86E6-42C4-A848-5B9CFE9B871F}.Release Unicode|Win32.ActiveCfg = Release|Win32
		{BDEAA6E8-86E6-42C4-A848-5B9CFE9B871F}.Release Unicode|Win32.Build.0 = Release|Win32
		{BDEAA6E8-86E6-42C4-A848-5B9CFE9B871F}.Release|Win32.ActiveCfg = Release|Win32
		{BDEAA6E8-86E6-42C4-A848-5B9CFE9B871F}.Release|Win32.Build.0 = Release|Win32
		{BDEAA6E8-86E6-42C4-A848-5B9CFE9B871F}.Template|Win32.ActiveCfg = Template|Win32
		{BDEAA6E8-86E6-42C4-A848-5B9CFE9B871F}.Template|Win32.Build.0 = Template|Win32
		{4B99B811-BA5B-447E-9446-6F56FF09D572}.Debug Unicode|Win32.ActiveCfg = Debug|Win32
		{4B99B811-BA5B-447E-9446-6F56FF09D572}.Debug Unicode|Win32.Build.0 = Debug|Win32
		{4B99B811-BA5B-447E-9446-6F56FF09D572}.Debug|Win32.ActiveCfg = Debug|Win32
		{4B99B811-BA5B-447E-9446-6F56FF09D572}.Debug|Win32.Build.0 = Debug|Win32
		{4B99B811-BA5B-447E-9446-6F56FF09D572}.Release Unicode|Win32.ActiveCfg = Release|Win32
		{4B99B811-BA5B-447E-9446-6F56FF09D572}.Release Unicode|Win32.Build.0 = Release|Win32
		{4B99B811-BA5B-447E-9446-6F56FF09D572}.Release|Win32.ActiveCfg = Release|Win32
		{4B99B811-BA5B-447E-9446-6F56FF09D572}.Release|Win32.Build.0 = Release|Win32
		{4B99B811-BA5B-447E-9446-6F56FF09D572}.Template|Win32.ActiveCfg = Release|Win32
		{4B99B811-BA5B-447E-9446-6F56FF09D572}.Template|Win32.Build.0 = Release|Win32
	EndGlobalSection
	GlobalSection(SolutionProperties) = preSolution
		HideSolutionNode = FALSE
	EndGlobalSection
EndGlobal
