<?xml version="1.0" encoding="utf-8"?>
<Project ToolsVersion="4.0" xmlns="http://schemas.microsoft.com/developer/msbuild/2003">
  <ItemGroup>
    <Filter Include="cegui">
      <UniqueIdentifier>{e3ac537f-1087-461a-be3b-b788dba178f0}</UniqueIdentifier>
    </Filter>
    <Filter Include="cegui\src">
      <UniqueIdentifier>{b8981624-487b-4053-8c55-f6c4fddc6432}</UniqueIdentifier>
    </Filter>
    <Filter Include="cegui\src\ImageCodecModules">
      <UniqueIdentifier>{17d3aa64-d96b-416a-8745-d9b2c8c6896e}</UniqueIdentifier>
    </Filter>
    <Filter Include="cegui\src\ImageCodecModules\DevILImageCodec">
      <UniqueIdentifier>{696d3264-d2aa-42b8-b6f6-a725c5ca004d}</UniqueIdentifier>
    </Filter>
    <Filter Include="cegui\include">
      <UniqueIdentifier>{cea3c0a0-7eb9-49f9-9102-2ba594ec7593}</UniqueIdentifier>
    </Filter>
    <Filter Include="cegui\include\ImageCodecModules">
      <UniqueIdentifier>{5f6c58ca-875d-4920-b0ab-4f4958131c97}</UniqueIdentifier>
    </Filter>
    <Filter Include="cegui\include\ImageCodecModules\DevILImageCodec">
      <UniqueIdentifier>{d291088f-e15d-49aa-b65e-0e910f08ea42}</UniqueIdentifier>
    </Filter>
  </ItemGroup>
  <ItemGroup>
    <ClCompile Include="..\..\..\..\cegui\src\ImageCodecModules\DevILImageCodec\CEGUIDevILImageCodec.cpp">
      <Filter>cegui\src\ImageCodecModules\DevILImageCodec</Filter>
    </ClCompile>
    <ClCompile Include="..\..\..\..\cegui\src\ImageCodecModules\DevILImageCodec\CEGUIDevILImageCodecModule.cpp">
      <Filter>cegui\src\ImageCodecModules\DevILImageCodec</Filter>
    </ClCompile>
  </ItemGroup>
  <ItemGroup>
    <ClInclude Include="..\..\..\..\cegui\include\ImageCodecModules\DevILImageCodec\CEGUIDevILImageCodec.h">
      <Filter>cegui\include\ImageCodecModules\DevILImageCodec</Filter>
    </ClInclude>
    <ClInclude Include="..\..\..\..\cegui\include\ImageCodecModules\DevILImageCodec\CEGUIDevILImageCodecModule.h">
      <Filter>cegui\include\ImageCodecModules\DevILImageCodec</Filter>
    </ClInclude>
  </ItemGroup>
</Project>