
Microsoft Visual Studio Solution File, Format Version 11.00
# Visual Studio 2010
Project("{8BC9CEB8-8B4A-11D0-8D11-00A0C91BC942}") = "live", "live\live.vcxproj", "{A5997EEA-F87D-424E-904A-C737C934E79A}"
EndProject
Project("{8BC9CEB8-8B4A-11D0-8D11-00A0C91BC942}") = "liveDll", "liveDll\liveDll.vcxproj", "{306F0929-D23C-4100-97E1-59E256E4A427}"
EndProject
Project("{8BC9CEB8-8B4A-11D0-8D11-00A0C91BC942}") = "HPAVMedia", "..\HPAV\HPAVMedia\HPAVMedia.vcxproj", "{E42304C0-7252-44C1-9446-CFC7737D3218}"
EndProject
Project("{8BC9CEB8-8B4A-11D0-8D11-00A0C91BC942}") = "AV", "..\AV\AVDevice.vcxproj", "{85E9FF9F-B00C-4A8B-AE35-A52CC853F143}"
EndProject
Global
	GlobalSection(SolutionConfigurationPlatforms) = preSolution
		Debug|Win32 = Debug|Win32
		Release|Win32 = Release|Win32
	EndGlobalSection
	GlobalSection(ProjectConfigurationPlatforms) = postSolution
		{A5997EEA-F87D-424E-904A-C737C934E79A}.Debug|Win32.ActiveCfg = Debug|Win32
		{A5997EEA-F87D-424E-904A-C737C934E79A}.Debug|Win32.Build.0 = Debug|Win32
		{A5997EEA-F87D-424E-904A-C737C934E79A}.Release|Win32.ActiveCfg = Release|Win32
		{A5997EEA-F87D-424E-904A-C737C934E79A}.Release|Win32.Build.0 = Release|Win32
		{306F0929-D23C-4100-97E1-59E256E4A427}.Debug|Win32.ActiveCfg = Debug|Win32
		{306F0929-D23C-4100-97E1-59E256E4A427}.Debug|Win32.Build.0 = Debug|Win32
		{306F0929-D23C-4100-97E1-59E256E4A427}.Release|Win32.ActiveCfg = Release|Win32
		{306F0929-D23C-4100-97E1-59E256E4A427}.Release|Win32.Build.0 = Release|Win32
		{E42304C0-7252-44C1-9446-CFC7737D3218}.Debug|Win32.ActiveCfg = Debug|Win32
		{E42304C0-7252-44C1-9446-CFC7737D3218}.Debug|Win32.Build.0 = Debug|Win32
		{E42304C0-7252-44C1-9446-CFC7737D3218}.Release|Win32.ActiveCfg = Release|Win32
		{E42304C0-7252-44C1-9446-CFC7737D3218}.Release|Win32.Build.0 = Release|Win32
		{85E9FF9F-B00C-4A8B-AE35-A52CC853F143}.Debug|Win32.ActiveCfg = Debug|Win32
		{85E9FF9F-B00C-4A8B-AE35-A52CC853F143}.Debug|Win32.Build.0 = Debug|Win32
		{85E9FF9F-B00C-4A8B-AE35-A52CC853F143}.Release|Win32.ActiveCfg = Release|Win32
		{85E9FF9F-B00C-4A8B-AE35-A52CC853F143}.Release|Win32.Build.0 = Release|Win32
	EndGlobalSection
	GlobalSection(SolutionProperties) = preSolution
		HideSolutionNode = FALSE
	EndGlobalSection
EndGlobal
