<?xml version="1.0" encoding="utf-8"?>
<Project ToolsVersion="4.0" xmlns="http://schemas.microsoft.com/developer/msbuild/2003">
  <ItemGroup>
    <Filter Include="Source Files">
      <UniqueIdentifier>{f56d1916-a0e2-47ad-9220-bf8099774155}</UniqueIdentifier>
      <Extensions>cpp;c;cxx;rc;def;r;odl;idl;hpj;bat</Extensions>
    </Filter>
    <Filter Include="Resource Files">
      <UniqueIdentifier>{9e5c31ad-b999-4c8c-be20-422758c9e744}</UniqueIdentifier>
      <Extensions>ico;cur;bmp;dlg;rc2;rct;bin;rgs;gif;jpg;jpeg;jpe</Extensions>
    </Filter>
    <Filter Include="DES Wrapper">
      <UniqueIdentifier>{edf72ae0-8d60-4992-baa2-c81aa6a60f85}</UniqueIdentifier>
    </Filter>
    <Filter Include="DES Wrapper\DES Basic">
      <UniqueIdentifier>{43a01e0a-d101-4650-82ed-49b3eb249dd2}</UniqueIdentifier>
    </Filter>
    <Filter Include="DES Wrapper\Components">
      <UniqueIdentifier>{f2433ff5-250c-49fc-b85c-da7911b4978f}</UniqueIdentifier>
    </Filter>
    <Filter Include="DES Wrapper\Common Interfaces">
      <UniqueIdentifier>{a561b008-c467-4e1b-aa54-74e50c4ebd28}</UniqueIdentifier>
    </Filter>
    <Filter Include="DES Utilities">
      <UniqueIdentifier>{a8168b50-a8ad-41dd-bb21-226733ee31eb}</UniqueIdentifier>
    </Filter>
    <Filter Include="Msi Utilities">
      <UniqueIdentifier>{13d7c409-9e29-4a76-b6e4-b0227b873d21}</UniqueIdentifier>
    </Filter>
  </ItemGroup>
  <ItemGroup>
    <ClCompile Include="CHelpDlg.cpp">
      <Filter>Source Files</Filter>
    </ClCompile>
    <ClCompile Include="StdAfx.cpp">
      <Filter>Source Files</Filter>
    </ClCompile>
    <ClCompile Include="TestDES.cpp">
      <Filter>Source Files</Filter>
    </ClCompile>
    <ClCompile Include="TestDESDlg.cpp">
      <Filter>Source Files</Filter>
    </ClCompile>
    <ClCompile Include="CDESBaseObject.cpp">
      <Filter>DES Wrapper\DES Basic</Filter>
    </ClCompile>
    <ClCompile Include="CDESMediaDetector.cpp">
      <Filter>DES Wrapper\DES Basic</Filter>
    </ClCompile>
    <ClCompile Include="CDESPropertySetter.cpp">
      <Filter>DES Wrapper\DES Basic</Filter>
    </ClCompile>
    <ClCompile Include="CDESRenderEngine.cpp">
      <Filter>DES Wrapper\DES Basic</Filter>
    </ClCompile>
    <ClCompile Include="CDESTimeLine.cpp">
      <Filter>DES Wrapper\DES Basic</Filter>
    </ClCompile>
    <ClCompile Include="CDESXml.cpp">
      <Filter>DES Wrapper\DES Basic</Filter>
    </ClCompile>
    <ClCompile Include="CDESComposition.cpp">
      <Filter>DES Wrapper\Components</Filter>
    </ClCompile>
    <ClCompile Include="CDESEffect.cpp">
      <Filter>DES Wrapper\Components</Filter>
    </ClCompile>
    <ClCompile Include="CDESGroup.cpp">
      <Filter>DES Wrapper\Components</Filter>
    </ClCompile>
    <ClCompile Include="CDESSource.cpp">
      <Filter>DES Wrapper\Components</Filter>
    </ClCompile>
    <ClCompile Include="CDESTrack.cpp">
      <Filter>DES Wrapper\Components</Filter>
    </ClCompile>
    <ClCompile Include="CDESTransition.cpp">
      <Filter>DES Wrapper\Components</Filter>
    </ClCompile>
    <ClCompile Include="CDESBaseInterface.cpp">
      <Filter>DES Wrapper\Common Interfaces</Filter>
    </ClCompile>
    <ClCompile Include="CDESIAMTimelineEffectable.cpp">
      <Filter>DES Wrapper\Common Interfaces</Filter>
    </ClCompile>
    <ClCompile Include="CDESIAMTimelineSplittable.cpp">
      <Filter>DES Wrapper\Common Interfaces</Filter>
    </ClCompile>
    <ClCompile Include="CDESIAMTimelineTransable.cpp">
      <Filter>DES Wrapper\Common Interfaces</Filter>
    </ClCompile>
    <ClCompile Include="CDESIAMTimelineVirtualTrack.cpp">
      <Filter>DES Wrapper\Common Interfaces</Filter>
    </ClCompile>
    <ClCompile Include="CDESGuid.cpp">
      <Filter>DES Utilities</Filter>
    </ClCompile>
    <ClCompile Include="CDESSourceNode.cpp">
      <Filter>DES Utilities</Filter>
    </ClCompile>
    <ClCompile Include="UDESUtils.cpp">
      <Filter>DES Utilities</Filter>
    </ClCompile>
    <ClCompile Include="StWaitCursor.cpp">
      <Filter>Msi Utilities</Filter>
    </ClCompile>
  </ItemGroup>
  <ItemGroup>
    <ClInclude Include="CHelpDlg.h">
      <Filter>Source Files</Filter>
    </ClInclude>
    <ClInclude Include="StdAfx.h">
      <Filter>Source Files</Filter>
    </ClInclude>
    <ClInclude Include="TestDES.h">
      <Filter>Source Files</Filter>
    </ClInclude>
    <ClInclude Include="TestDESDlg.h">
      <Filter>Source Files</Filter>
    </ClInclude>
    <ClInclude Include="Resource.h">
      <Filter>Resource Files</Filter>
    </ClInclude>
    <ClInclude Include="CDESBaseObject.h">
      <Filter>DES Wrapper\DES Basic</Filter>
    </ClInclude>
    <ClInclude Include="CDESMediaDetector.h">
      <Filter>DES Wrapper\DES Basic</Filter>
    </ClInclude>
    <ClInclude Include="CDESPropertySetter.h">
      <Filter>DES Wrapper\DES Basic</Filter>
    </ClInclude>
    <ClInclude Include="CDESRenderEngine.h">
      <Filter>DES Wrapper\DES Basic</Filter>
    </ClInclude>
    <ClInclude Include="CDESTimeLine.h">
      <Filter>DES Wrapper\DES Basic</Filter>
    </ClInclude>
    <ClInclude Include="CDESXml.h">
      <Filter>DES Wrapper\DES Basic</Filter>
    </ClInclude>
    <ClInclude Include="CDESComposition.h">
      <Filter>DES Wrapper\Components</Filter>
    </ClInclude>
    <ClInclude Include="CDESEffect.h">
      <Filter>DES Wrapper\Components</Filter>
    </ClInclude>
    <ClInclude Include="CDESGroup.h">
      <Filter>DES Wrapper\Components</Filter>
    </ClInclude>
    <ClInclude Include="CDESSource.h">
      <Filter>DES Wrapper\Components</Filter>
    </ClInclude>
    <ClInclude Include="CDESTrack.h">
      <Filter>DES Wrapper\Components</Filter>
    </ClInclude>
    <ClInclude Include="CDESTransition.h">
      <Filter>DES Wrapper\Components</Filter>
    </ClInclude>
    <ClInclude Include="CDESBaseInterface.h">
      <Filter>DES Wrapper\Common Interfaces</Filter>
    </ClInclude>
    <ClInclude Include="CDESIAMTimelineEffectable.h">
      <Filter>DES Wrapper\Common Interfaces</Filter>
    </ClInclude>
    <ClInclude Include="CDESIAMTimelineSplittable.h">
      <Filter>DES Wrapper\Common Interfaces</Filter>
    </ClInclude>
    <ClInclude Include="CDESIAMTimelineTransable.h">
      <Filter>DES Wrapper\Common Interfaces</Filter>
    </ClInclude>
    <ClInclude Include="CDESIAMTimelineVirtualTrack.h">
      <Filter>DES Wrapper\Common Interfaces</Filter>
    </ClInclude>
    <ClInclude Include="CDESGuid.h">
      <Filter>DES Utilities</Filter>
    </ClInclude>
    <ClInclude Include="CDESSourceNode.h">
      <Filter>DES Utilities</Filter>
    </ClInclude>
    <ClInclude Include="UDESUtils.h">
      <Filter>DES Utilities</Filter>
    </ClInclude>
    <ClInclude Include="StWaitCursor.h">
      <Filter>Msi Utilities</Filter>
    </ClInclude>
  </ItemGroup>
  <ItemGroup>
    <ResourceCompile Include="TestDES.rc">
      <Filter>Resource Files</Filter>
    </ResourceCompile>
  </ItemGroup>
  <ItemGroup>
    <CustomBuild Include="ReadMe.txt">
      <Filter>Source Files</Filter>
    </CustomBuild>
    <CustomBuild Include="res\TestDES.ico">
      <Filter>Resource Files</Filter>
    </CustomBuild>
    <CustomBuild Include="res\TestDES.rc2">
      <Filter>Resource Files</Filter>
    </CustomBuild>
  </ItemGroup>
</Project>