<?xml version="1.0" encoding="utf-8"?>
<Project ToolsVersion="4.0" xmlns="http://schemas.microsoft.com/developer/msbuild/2003">
  <ItemGroup>
    <Filter Include="Source Files">
      <UniqueIdentifier>{4FC737F1-C7A5-4376-A066-2A32D752A2FF}</UniqueIdentifier>
      <Extensions>cpp;c;cc;cxx;def;odl;idl;hpj;bat;asm;asmx</Extensions>
    </Filter>
    <Filter Include="Header Files">
      <UniqueIdentifier>{93995380-89BD-4b04-88EB-625FBE52EBFB}</UniqueIdentifier>
      <Extensions>h;hpp;hxx;hm;inl;inc;xsd</Extensions>
    </Filter>
    <Filter Include="Resource Files">
      <UniqueIdentifier>{67DA6AB6-F800-4c08-8B7A-83BB121AAD01}</UniqueIdentifier>
      <Extensions>rc;ico;cur;bmp;dlg;rc2;rct;bin;rgs;gif;jpg;jpeg;jpe;resx;tiff;tif;png;wav;mfcribbon-ms</Extensions>
    </Filter>
    <Filter Include="DES Utilities">
      <UniqueIdentifier>{76eb3014-98e8-4c57-be14-f250da2ab7b6}</UniqueIdentifier>
    </Filter>
    <Filter Include="DES Wrapper">
      <UniqueIdentifier>{9a4689dc-11b2-4f29-9ef3-7327373bde8d}</UniqueIdentifier>
    </Filter>
    <Filter Include="Msi Utilities">
      <UniqueIdentifier>{86f7bb59-fed0-41d6-8dd4-52a37d1e6771}</UniqueIdentifier>
    </Filter>
    <Filter Include="DES Wrapper\Common Interface">
      <UniqueIdentifier>{9279470d-bcbe-4e06-8837-493cac52abd6}</UniqueIdentifier>
    </Filter>
    <Filter Include="DES Wrapper\DES Basic">
      <UniqueIdentifier>{8d645ccc-cc2b-43e0-bc13-725d4ee79dcf}</UniqueIdentifier>
    </Filter>
  </ItemGroup>
  <ItemGroup>
    <None Include="ReadMe.txt" />
    <None Include="Video_DES.def">
      <Filter>Source Files</Filter>
    </None>
    <None Include="res\Video_DES.rc2">
      <Filter>Resource Files</Filter>
    </None>
  </ItemGroup>
  <ItemGroup>
    <ClCompile Include="Video_DES.cpp">
      <Filter>Source Files</Filter>
    </ClCompile>
    <ClCompile Include="stdafx.cpp">
      <Filter>Source Files</Filter>
    </ClCompile>
    <ClCompile Include="DESBaseInterface.cpp">
      <Filter>DES Wrapper\Common Interface</Filter>
    </ClCompile>
    <ClCompile Include="DESBaseObject.cpp">
      <Filter>DES Wrapper\DES Basic</Filter>
    </ClCompile>
    <ClCompile Include="DESTimeLine.cpp">
      <Filter>DES Wrapper\DES Basic</Filter>
    </ClCompile>
    <ClCompile Include="DESPropertySetter.cpp">
      <Filter>DES Wrapper\DES Basic</Filter>
    </ClCompile>
  </ItemGroup>
  <ItemGroup>
    <ClInclude Include="Video_DES.h">
      <Filter>Header Files</Filter>
    </ClInclude>
    <ClInclude Include="stdafx.h">
      <Filter>Header Files</Filter>
    </ClInclude>
    <ClInclude Include="targetver.h">
      <Filter>Header Files</Filter>
    </ClInclude>
    <ClInclude Include="Resource.h">
      <Filter>Header Files</Filter>
    </ClInclude>
    <ClInclude Include="DESBaseInterface.h">
      <Filter>DES Wrapper\Common Interface</Filter>
    </ClInclude>
    <ClInclude Include="DESBaseObject.h">
      <Filter>DES Wrapper\DES Basic</Filter>
    </ClInclude>
    <ClInclude Include="DESTimeLine.h">
      <Filter>DES Wrapper\DES Basic</Filter>
    </ClInclude>
    <ClInclude Include="DESPropertySetter.h">
      <Filter>DES Wrapper\DES Basic</Filter>
    </ClInclude>
  </ItemGroup>
  <ItemGroup>
    <ResourceCompile Include="Video_DES.rc">
      <Filter>Resource Files</Filter>
    </ResourceCompile>
  </ItemGroup>
</Project>