<?xml version="1.0" encoding="utf-8"?>
<Project ToolsVersion="4.0" xmlns="http://schemas.microsoft.com/developer/msbuild/2003">
  <ItemGroup>
    <Filter Include="cegui">
      <UniqueIdentifier>{abfc0f5a-25cd-4641-8d0d-8d7ac0a11abc}</UniqueIdentifier>
    </Filter>
    <Filter Include="cegui\src">
      <UniqueIdentifier>{d75b3964-a585-4a05-bca5-505812a8f2be}</UniqueIdentifier>
    </Filter>
    <Filter Include="cegui\src\ImageCodecModules">
      <UniqueIdentifier>{b823f96c-3370-4eff-8e23-8840cc67e7fe}</UniqueIdentifier>
    </Filter>
    <Filter Include="cegui\src\ImageCodecModules\STBImageCodec">
      <UniqueIdentifier>{cf0b2d8d-5974-40ab-a453-c07d90f80de4}</UniqueIdentifier>
    </Filter>
    <Filter Include="cegui\include">
      <UniqueIdentifier>{6d1fdacf-f112-4d2e-a5eb-1477d9b29476}</UniqueIdentifier>
    </Filter>
    <Filter Include="cegui\include\ImageCodecModules">
      <UniqueIdentifier>{43b3760d-1e7f-487a-a712-2f3db86b9ee0}</UniqueIdentifier>
    </Filter>
    <Filter Include="cegui\include\ImageCodecModules\STBImageCodec">
      <UniqueIdentifier>{cb7d6a52-2a77-4b71-bab1-8530dd1da195}</UniqueIdentifier>
    </Filter>
  </ItemGroup>
  <ItemGroup>
    <ClCompile Include="..\..\..\..\cegui\src\ImageCodecModules\STBImageCodec\CEGUISTBImageCodec.cpp">
      <Filter>cegui\src\ImageCodecModules\STBImageCodec</Filter>
    </ClCompile>
    <ClCompile Include="..\..\..\..\cegui\src\ImageCodecModules\STBImageCodec\CEGUISTBImageCodecModule.cpp">
      <Filter>cegui\src\ImageCodecModules\STBImageCodec</Filter>
    </ClCompile>
    <ClCompile Include="..\..\..\..\cegui\src\ImageCodecModules\STBImageCodec\stb_image.cpp">
      <Filter>cegui\src\ImageCodecModules\STBImageCodec</Filter>
    </ClCompile>
  </ItemGroup>
  <ItemGroup>
    <ClInclude Include="..\..\..\..\cegui\include\ImageCodecModules\STBImageCodec\CEGUISTBImageCodec.h">
      <Filter>cegui\include\ImageCodecModules\STBImageCodec</Filter>
    </ClInclude>
    <ClInclude Include="..\..\..\..\cegui\include\ImageCodecModules\STBImageCodec\CEGUISTBImageCodecModule.h">
      <Filter>cegui\include\ImageCodecModules\STBImageCodec</Filter>
    </ClInclude>
  </ItemGroup>
</Project>