Microsoft Visual Studio Solution File, Format Version 11.00
# Visual Studio 2010
Project("{8BC9CEB8-8B4A-11D0-8D11-00A0C91BC942}") = "ALL_BUILD", "ALL_BUILD.vcxproj", "{3725FBD8-DD1B-42A0-AA51-FBB2F7B4AC6D}"
	ProjectSection(ProjectDependencies) = postProject
		{6002E108-3E51-4D00-8732-884EEF0270C3} = {6002E108-3E51-4D00-8732-884EEF0270C3}
		{475C9AFA-7867-4774-88D5-E26E58C9F132} = {475C9AFA-7867-4774-88D5-E26E58C9F132}
		{6A1801AA-8D2D-43DD-ADC0-E2D089F33599} = {6A1801AA-8D2D-43DD-ADC0-E2D089F33599}
		{B96A82B0-04F1-4ED6-A04A-CC15DB2E65DB} = {B96A82B0-04F1-4ED6-A04A-CC15DB2E65DB}
		{C44382CD-42F4-4FAD-A1BE-648D78B4F6DD} = {C44382CD-42F4-4FAD-A1BE-648D78B4F6DD}
		{CD640E61-0B39-4F36-A83A-04CD08C22484} = {CD640E61-0B39-4F36-A83A-04CD08C22484}
		{E78667B2-C8CC-4872-BFCF-C51CA5CE66EA} = {E78667B2-C8CC-4872-BFCF-C51CA5CE66EA}
		{04349C6F-2332-4460-AF91-63F7DA9BF13F} = {04349C6F-2332-4460-AF91-63F7DA9BF13F}
		{C1B4F906-B6A9-44CC-8A07-0161431BB5CC} = {C1B4F906-B6A9-44CC-8A07-0161431BB5CC}
		{0CC00CD8-02B4-4F3D-98D1-DA511010F3DD} = {0CC00CD8-02B4-4F3D-98D1-DA511010F3DD}
		{BAD7CDC9-8841-4B05-AC50-224E7B601C63} = {BAD7CDC9-8841-4B05-AC50-224E7B601C63}
		{1282D6D9-6F87-4788-9269-ED69FA0128E4} = {1282D6D9-6F87-4788-9269-ED69FA0128E4}
		{43C16B93-3801-4B6B-A2FC-0F40F991C482} = {43C16B93-3801-4B6B-A2FC-0F40F991C482}
		{D27959D0-1B14-4780-A972-793ECBE114FF} = {D27959D0-1B14-4780-A972-793ECBE114FF}
		{E31BF06E-BEF2-4F60-B7B7-51995714836E} = {E31BF06E-BEF2-4F60-B7B7-51995714836E}
		{E3147643-7C4D-4974-AFBB-A73E35CEB978} = {E3147643-7C4D-4974-AFBB-A73E35CEB978}
		{95C2B026-D99B-42EC-A542-964CF97A7C16} = {95C2B026-D99B-42EC-A542-964CF97A7C16}
		{2265EF77-06BD-4102-8F1D-8EBA4E8B42DE} = {2265EF77-06BD-4102-8F1D-8EBA4E8B42DE}
		{292E5C34-9E79-4685-AD11-87863726495F} = {292E5C34-9E79-4685-AD11-87863726495F}
		{8DD5B7C0-C457-4CD6-B84F-878C7C9FE4CF} = {8DD5B7C0-C457-4CD6-B84F-878C7C9FE4CF}
		{130E1BCF-F46D-4807-8E72-552CFE4C93F9} = {130E1BCF-F46D-4807-8E72-552CFE4C93F9}
		{7E4CAB89-4B16-4704-BCDA-0CD774EAA203} = {7E4CAB89-4B16-4704-BCDA-0CD774EAA203}
		{3072C362-84A2-43CB-94DC-225A4EB0D1D7} = {3072C362-84A2-43CB-94DC-225A4EB0D1D7}
		{FAC19965-23DE-4695-8BA6-A47E637C8F81} = {FAC19965-23DE-4695-8BA6-A47E637C8F81}
		{FCE888A7-C100-41F0-AC1E-3314C25FC70D} = {FCE888A7-C100-41F0-AC1E-3314C25FC70D}
		{4AB2D3B6-D752-4D3B-862C-37BA3C68F6EB} = {4AB2D3B6-D752-4D3B-862C-37BA3C68F6EB}
		{F678339A-8339-481B-8557-DA9D6493FE27} = {F678339A-8339-481B-8557-DA9D6493FE27}
		{92FAB6E0-2FD9-466F-9299-1BA306BC9891} = {92FAB6E0-2FD9-466F-9299-1BA306BC9891}
		{A64C839C-7F19-459D-BF15-CEB6A946CBC0} = {A64C839C-7F19-459D-BF15-CEB6A946CBC0}
		{F8AC6104-5578-4FFD-AF20-E65DF11FAC97} = {F8AC6104-5578-4FFD-AF20-E65DF11FAC97}
		{626B7277-362B-4D85-966E-88EA89BEA281} = {626B7277-362B-4D85-966E-88EA89BEA281}
		{A32BF224-A505-42C3-B406-4628D4A15D68} = {A32BF224-A505-42C3-B406-4628D4A15D68}
		{A44C1611-6385-4FD5-9BF8-6688CFF80CA1} = {A44C1611-6385-4FD5-9BF8-6688CFF80CA1}
		{A61F9B8E-AB2C-4105-8D4E-D4F3D7A37D58} = {A61F9B8E-AB2C-4105-8D4E-D4F3D7A37D58}
		{4A62C433-EAB2-4D28-BC2B-5D9DFF24AAE3} = {4A62C433-EAB2-4D28-BC2B-5D9DFF24AAE3}
		{CF26646C-B144-40AC-B1EC-388E1D480B5E} = {CF26646C-B144-40AC-B1EC-388E1D480B5E}
		{352F2829-6359-4256-A648-D4AED91704BF} = {352F2829-6359-4256-A648-D4AED91704BF}
		{B22EA275-739C-4900-949B-669E3242B63B} = {B22EA275-739C-4900-949B-669E3242B63B}
		{8EE058F2-5DF8-4A12-AF1A-01528BA348FA} = {8EE058F2-5DF8-4A12-AF1A-01528BA348FA}
		{C0B4C72A-DAC4-4321-863B-9B20767F209E} = {C0B4C72A-DAC4-4321-863B-9B20767F209E}
		{24727A15-7FA5-450C-86A0-1DB973E095AF} = {24727A15-7FA5-450C-86A0-1DB973E095AF}
		{25278D19-13E2-4766-B744-4E0C133CBD1E} = {25278D19-13E2-4766-B744-4E0C133CBD1E}
		{FB4BF392-83E3-4FF6-BA58-A1E77B18C8AE} = {FB4BF392-83E3-4FF6-BA58-A1E77B18C8AE}
		{5BFB73EB-D368-4863-BC40-E34BF93D184A} = {5BFB73EB-D368-4863-BC40-E34BF93D184A}
		{519187F3-C5E6-479A-8A10-569C1A8853B6} = {519187F3-C5E6-479A-8A10-569C1A8853B6}
		{9CDA27CD-673A-4C59-B316-561242F25205} = {9CDA27CD-673A-4C59-B316-561242F25205}
		{82AF23A3-2E51-4E4A-8C5A-EFF880C00055} = {82AF23A3-2E51-4E4A-8C5A-EFF880C00055}
		{A3E69F2D-E7C6-4F98-9D82-F26D6D887195} = {A3E69F2D-E7C6-4F98-9D82-F26D6D887195}
	EndProjectSection
EndProject
Project("{8BC9CEB8-8B4A-11D0-8D11-00A0C91BC942}") = "INSTALL", "INSTALL.vcxproj", "{58273B39-026C-494C-9C68-B0CC15D79021}"
	ProjectSection(ProjectDependencies) = postProject
		{3725FBD8-DD1B-42A0-AA51-FBB2F7B4AC6D} = {3725FBD8-DD1B-42A0-AA51-FBB2F7B4AC6D}
	EndProjectSection
EndProject
Project("{8BC9CEB8-8B4A-11D0-8D11-00A0C91BC942}") = "OgreMain", "OgreMain\OgreMain.vcxproj", "{6002E108-3E51-4D00-8732-884EEF0270C3}"
	ProjectSection(ProjectDependencies) = postProject
	EndProjectSection
EndProject
Project("{8BC9CEB8-8B4A-11D0-8D11-00A0C91BC942}") = "OgreMeshUpgrader", "Tools\MeshUpgrader\OgreMeshUpgrader.vcxproj", "{475C9AFA-7867-4774-88D5-E26E58C9F132}"
	ProjectSection(ProjectDependencies) = postProject
		{6002E108-3E51-4D00-8732-884EEF0270C3} = {6002E108-3E51-4D00-8732-884EEF0270C3}
	EndProjectSection
EndProject
Project("{8BC9CEB8-8B4A-11D0-8D11-00A0C91BC942}") = "OgrePaging", "Components\Paging\OgrePaging.vcxproj", "{6A1801AA-8D2D-43DD-ADC0-E2D089F33599}"
	ProjectSection(ProjectDependencies) = postProject
		{6002E108-3E51-4D00-8732-884EEF0270C3} = {6002E108-3E51-4D00-8732-884EEF0270C3}
	EndProjectSection
EndProject
Project("{8BC9CEB8-8B4A-11D0-8D11-00A0C91BC942}") = "OgreProperty", "Components\Property\OgreProperty.vcxproj", "{B96A82B0-04F1-4ED6-A04A-CC15DB2E65DB}"
	ProjectSection(ProjectDependencies) = postProject
		{6002E108-3E51-4D00-8732-884EEF0270C3} = {6002E108-3E51-4D00-8732-884EEF0270C3}
	EndProjectSection
EndProject
Project("{8BC9CEB8-8B4A-11D0-8D11-00A0C91BC942}") = "OgreRTShaderSystem", "Components\RTShaderSystem\OgreRTShaderSystem.vcxproj", "{C44382CD-42F4-4FAD-A1BE-648D78B4F6DD}"
	ProjectSection(ProjectDependencies) = postProject
		{6002E108-3E51-4D00-8732-884EEF0270C3} = {6002E108-3E51-4D00-8732-884EEF0270C3}
	EndProjectSection
EndProject
Project("{8BC9CEB8-8B4A-11D0-8D11-00A0C91BC942}") = "OgreTerrain", "Components\Terrain\OgreTerrain.vcxproj", "{CD640E61-0B39-4F36-A83A-04CD08C22484}"
	ProjectSection(ProjectDependencies) = postProject
		{6002E108-3E51-4D00-8732-884EEF0270C3} = {6002E108-3E51-4D00-8732-884EEF0270C3}
		{6A1801AA-8D2D-43DD-ADC0-E2D089F33599} = {6A1801AA-8D2D-43DD-ADC0-E2D089F33599}
	EndProjectSection
EndProject
Project("{8BC9CEB8-8B4A-11D0-8D11-00A0C91BC942}") = "OgreXMLConverter", "Tools\XMLConverter\OgreXMLConverter.vcxproj", "{E78667B2-C8CC-4872-BFCF-C51CA5CE66EA}"
	ProjectSection(ProjectDependencies) = postProject
		{6002E108-3E51-4D00-8732-884EEF0270C3} = {6002E108-3E51-4D00-8732-884EEF0270C3}
	EndProjectSection
EndProject
Project("{8BC9CEB8-8B4A-11D0-8D11-00A0C91BC942}") = "PACKAGE", "PACKAGE.vcxproj", "{CC96BEFC-625C-43EF-A69C-5A25C0E76CAF}"
	ProjectSection(ProjectDependencies) = postProject
		{3725FBD8-DD1B-42A0-AA51-FBB2F7B4AC6D} = {3725FBD8-DD1B-42A0-AA51-FBB2F7B4AC6D}
	EndProjectSection
EndProject
Project("{8BC9CEB8-8B4A-11D0-8D11-00A0C91BC942}") = "Plugin_BSPSceneManager", "PlugIns\BSPSceneManager\Plugin_BSPSceneManager.vcxproj", "{04349C6F-2332-4460-AF91-63F7DA9BF13F}"
	ProjectSection(ProjectDependencies) = postProject
		{6002E108-3E51-4D00-8732-884EEF0270C3} = {6002E108-3E51-4D00-8732-884EEF0270C3}
	EndProjectSection
EndProject
Project("{8BC9CEB8-8B4A-11D0-8D11-00A0C91BC942}") = "Plugin_CgProgramManager", "PlugIns\CgProgramManager\Plugin_CgProgramManager.vcxproj", "{C1B4F906-B6A9-44CC-8A07-0161431BB5CC}"
	ProjectSection(ProjectDependencies) = postProject
		{6002E108-3E51-4D00-8732-884EEF0270C3} = {6002E108-3E51-4D00-8732-884EEF0270C3}
	EndProjectSection
EndProject
Project("{8BC9CEB8-8B4A-11D0-8D11-00A0C91BC942}") = "Plugin_OctreeSceneManager", "PlugIns\OctreeSceneManager\Plugin_OctreeSceneManager.vcxproj", "{0CC00CD8-02B4-4F3D-98D1-DA511010F3DD}"
	ProjectSection(ProjectDependencies) = postProject
		{6002E108-3E51-4D00-8732-884EEF0270C3} = {6002E108-3E51-4D00-8732-884EEF0270C3}
	EndProjectSection
EndProject
Project("{8BC9CEB8-8B4A-11D0-8D11-00A0C91BC942}") = "Plugin_OctreeZone", "PlugIns\OctreeZone\Plugin_OctreeZone.vcxproj", "{BAD7CDC9-8841-4B05-AC50-224E7B601C63}"
	ProjectSection(ProjectDependencies) = postProject
		{6002E108-3E51-4D00-8732-884EEF0270C3} = {6002E108-3E51-4D00-8732-884EEF0270C3}
		{1282D6D9-6F87-4788-9269-ED69FA0128E4} = {1282D6D9-6F87-4788-9269-ED69FA0128E4}
	EndProjectSection
EndProject
Project("{8BC9CEB8-8B4A-11D0-8D11-00A0C91BC942}") = "Plugin_PCZSceneManager", "PlugIns\PCZSceneManager\Plugin_PCZSceneManager.vcxproj", "{1282D6D9-6F87-4788-9269-ED69FA0128E4}"
	ProjectSection(ProjectDependencies) = postProject
		{6002E108-3E51-4D00-8732-884EEF0270C3} = {6002E108-3E51-4D00-8732-884EEF0270C3}
	EndProjectSection
EndProject
Project("{8BC9CEB8-8B4A-11D0-8D11-00A0C91BC942}") = "Plugin_ParticleFX", "PlugIns\ParticleFX\Plugin_ParticleFX.vcxproj", "{43C16B93-3801-4B6B-A2FC-0F40F991C482}"
	ProjectSection(ProjectDependencies) = postProject
		{6002E108-3E51-4D00-8732-884EEF0270C3} = {6002E108-3E51-4D00-8732-884EEF0270C3}
	EndProjectSection
EndProject
Project("{8BC9CEB8-8B4A-11D0-8D11-00A0C91BC942}") = "RenderSystem_Direct3D9", "RenderSystems\Direct3D9\RenderSystem_Direct3D9.vcxproj", "{D27959D0-1B14-4780-A972-793ECBE114FF}"
	ProjectSection(ProjectDependencies) = postProject
		{6002E108-3E51-4D00-8732-884EEF0270C3} = {6002E108-3E51-4D00-8732-884EEF0270C3}
	EndProjectSection
EndProject
Project("{8BC9CEB8-8B4A-11D0-8D11-00A0C91BC942}") = "RenderSystem_GL", "RenderSystems\GL\RenderSystem_GL.vcxproj", "{E31BF06E-BEF2-4F60-B7B7-51995714836E}"
	ProjectSection(ProjectDependencies) = postProject
		{6002E108-3E51-4D00-8732-884EEF0270C3} = {6002E108-3E51-4D00-8732-884EEF0270C3}
	EndProjectSection
EndProject
Project("{8BC9CEB8-8B4A-11D0-8D11-00A0C91BC942}") = "SampleBrowser", "Samples\Browser\SampleBrowser.vcxproj", "{E3147643-7C4D-4974-AFBB-A73E35CEB978}"
	ProjectSection(ProjectDependencies) = postProject
		{6002E108-3E51-4D00-8732-884EEF0270C3} = {6002E108-3E51-4D00-8732-884EEF0270C3}
		{6A1801AA-8D2D-43DD-ADC0-E2D089F33599} = {6A1801AA-8D2D-43DD-ADC0-E2D089F33599}
		{C44382CD-42F4-4FAD-A1BE-648D78B4F6DD} = {C44382CD-42F4-4FAD-A1BE-648D78B4F6DD}
		{CD640E61-0B39-4F36-A83A-04CD08C22484} = {CD640E61-0B39-4F36-A83A-04CD08C22484}
		{04349C6F-2332-4460-AF91-63F7DA9BF13F} = {04349C6F-2332-4460-AF91-63F7DA9BF13F}
		{C1B4F906-B6A9-44CC-8A07-0161431BB5CC} = {C1B4F906-B6A9-44CC-8A07-0161431BB5CC}
		{0CC00CD8-02B4-4F3D-98D1-DA511010F3DD} = {0CC00CD8-02B4-4F3D-98D1-DA511010F3DD}
		{BAD7CDC9-8841-4B05-AC50-224E7B601C63} = {BAD7CDC9-8841-4B05-AC50-224E7B601C63}
		{1282D6D9-6F87-4788-9269-ED69FA0128E4} = {1282D6D9-6F87-4788-9269-ED69FA0128E4}
		{43C16B93-3801-4B6B-A2FC-0F40F991C482} = {43C16B93-3801-4B6B-A2FC-0F40F991C482}
		{D27959D0-1B14-4780-A972-793ECBE114FF} = {D27959D0-1B14-4780-A972-793ECBE114FF}
		{E31BF06E-BEF2-4F60-B7B7-51995714836E} = {E31BF06E-BEF2-4F60-B7B7-51995714836E}
		{95C2B026-D99B-42EC-A542-964CF97A7C16} = {95C2B026-D99B-42EC-A542-964CF97A7C16}
		{2265EF77-06BD-4102-8F1D-8EBA4E8B42DE} = {2265EF77-06BD-4102-8F1D-8EBA4E8B42DE}
		{292E5C34-9E79-4685-AD11-87863726495F} = {292E5C34-9E79-4685-AD11-87863726495F}
		{8DD5B7C0-C457-4CD6-B84F-878C7C9FE4CF} = {8DD5B7C0-C457-4CD6-B84F-878C7C9FE4CF}
		{130E1BCF-F46D-4807-8E72-552CFE4C93F9} = {130E1BCF-F46D-4807-8E72-552CFE4C93F9}
		{7E4CAB89-4B16-4704-BCDA-0CD774EAA203} = {7E4CAB89-4B16-4704-BCDA-0CD774EAA203}
		{3072C362-84A2-43CB-94DC-225A4EB0D1D7} = {3072C362-84A2-43CB-94DC-225A4EB0D1D7}
		{FAC19965-23DE-4695-8BA6-A47E637C8F81} = {FAC19965-23DE-4695-8BA6-A47E637C8F81}
		{FCE888A7-C100-41F0-AC1E-3314C25FC70D} = {FCE888A7-C100-41F0-AC1E-3314C25FC70D}
		{4AB2D3B6-D752-4D3B-862C-37BA3C68F6EB} = {4AB2D3B6-D752-4D3B-862C-37BA3C68F6EB}
		{F678339A-8339-481B-8557-DA9D6493FE27} = {F678339A-8339-481B-8557-DA9D6493FE27}
		{92FAB6E0-2FD9-466F-9299-1BA306BC9891} = {92FAB6E0-2FD9-466F-9299-1BA306BC9891}
		{A64C839C-7F19-459D-BF15-CEB6A946CBC0} = {A64C839C-7F19-459D-BF15-CEB6A946CBC0}
		{F8AC6104-5578-4FFD-AF20-E65DF11FAC97} = {F8AC6104-5578-4FFD-AF20-E65DF11FAC97}
		{626B7277-362B-4D85-966E-88EA89BEA281} = {626B7277-362B-4D85-966E-88EA89BEA281}
		{A32BF224-A505-42C3-B406-4628D4A15D68} = {A32BF224-A505-42C3-B406-4628D4A15D68}
		{A44C1611-6385-4FD5-9BF8-6688CFF80CA1} = {A44C1611-6385-4FD5-9BF8-6688CFF80CA1}
		{A61F9B8E-AB2C-4105-8D4E-D4F3D7A37D58} = {A61F9B8E-AB2C-4105-8D4E-D4F3D7A37D58}
		{4A62C433-EAB2-4D28-BC2B-5D9DFF24AAE3} = {4A62C433-EAB2-4D28-BC2B-5D9DFF24AAE3}
		{CF26646C-B144-40AC-B1EC-388E1D480B5E} = {CF26646C-B144-40AC-B1EC-388E1D480B5E}
		{352F2829-6359-4256-A648-D4AED91704BF} = {352F2829-6359-4256-A648-D4AED91704BF}
		{B22EA275-739C-4900-949B-669E3242B63B} = {B22EA275-739C-4900-949B-669E3242B63B}
		{8EE058F2-5DF8-4A12-AF1A-01528BA348FA} = {8EE058F2-5DF8-4A12-AF1A-01528BA348FA}
		{C0B4C72A-DAC4-4321-863B-9B20767F209E} = {C0B4C72A-DAC4-4321-863B-9B20767F209E}
		{24727A15-7FA5-450C-86A0-1DB973E095AF} = {24727A15-7FA5-450C-86A0-1DB973E095AF}
		{25278D19-13E2-4766-B744-4E0C133CBD1E} = {25278D19-13E2-4766-B744-4E0C133CBD1E}
		{FB4BF392-83E3-4FF6-BA58-A1E77B18C8AE} = {FB4BF392-83E3-4FF6-BA58-A1E77B18C8AE}
		{5BFB73EB-D368-4863-BC40-E34BF93D184A} = {5BFB73EB-D368-4863-BC40-E34BF93D184A}
		{519187F3-C5E6-479A-8A10-569C1A8853B6} = {519187F3-C5E6-479A-8A10-569C1A8853B6}
		{9CDA27CD-673A-4C59-B316-561242F25205} = {9CDA27CD-673A-4C59-B316-561242F25205}
		{82AF23A3-2E51-4E4A-8C5A-EFF880C00055} = {82AF23A3-2E51-4E4A-8C5A-EFF880C00055}
		{A3E69F2D-E7C6-4F98-9D82-F26D6D887195} = {A3E69F2D-E7C6-4F98-9D82-F26D6D887195}
	EndProjectSection
EndProject
Project("{8BC9CEB8-8B4A-11D0-8D11-00A0C91BC942}") = "Sample_BSP", "Samples\BSP\Sample_BSP.vcxproj", "{95C2B026-D99B-42EC-A542-964CF97A7C16}"
	ProjectSection(ProjectDependencies) = postProject
		{6002E108-3E51-4D00-8732-884EEF0270C3} = {6002E108-3E51-4D00-8732-884EEF0270C3}
		{C44382CD-42F4-4FAD-A1BE-648D78B4F6DD} = {C44382CD-42F4-4FAD-A1BE-648D78B4F6DD}
	EndProjectSection
EndProject
Project("{8BC9CEB8-8B4A-11D0-8D11-00A0C91BC942}") = "Sample_BezierPatch", "Samples\BezierPatch\Sample_BezierPatch.vcxproj", "{2265EF77-06BD-4102-8F1D-8EBA4E8B42DE}"
	ProjectSection(ProjectDependencies) = postProject
		{6002E108-3E51-4D00-8732-884EEF0270C3} = {6002E108-3E51-4D00-8732-884EEF0270C3}
		{C44382CD-42F4-4FAD-A1BE-648D78B4F6DD} = {C44382CD-42F4-4FAD-A1BE-648D78B4F6DD}
	EndProjectSection
EndProject
Project("{8BC9CEB8-8B4A-11D0-8D11-00A0C91BC942}") = "Sample_CameraTrack", "Samples\CameraTrack\Sample_CameraTrack.vcxproj", "{292E5C34-9E79-4685-AD11-87863726495F}"
	ProjectSection(ProjectDependencies) = postProject
		{6002E108-3E51-4D00-8732-884EEF0270C3} = {6002E108-3E51-4D00-8732-884EEF0270C3}
		{C44382CD-42F4-4FAD-A1BE-648D78B4F6DD} = {C44382CD-42F4-4FAD-A1BE-648D78B4F6DD}
	EndProjectSection
EndProject
Project("{8BC9CEB8-8B4A-11D0-8D11-00A0C91BC942}") = "Sample_CelShading", "Samples\CelShading\Sample_CelShading.vcxproj", "{8DD5B7C0-C457-4CD6-B84F-878C7C9FE4CF}"
	ProjectSection(ProjectDependencies) = postProject
		{6002E108-3E51-4D00-8732-884EEF0270C3} = {6002E108-3E51-4D00-8732-884EEF0270C3}
		{C44382CD-42F4-4FAD-A1BE-648D78B4F6DD} = {C44382CD-42F4-4FAD-A1BE-648D78B4F6DD}
	EndProjectSection
EndProject
Project("{8BC9CEB8-8B4A-11D0-8D11-00A0C91BC942}") = "Sample_Character", "Samples\Character\Sample_Character.vcxproj", "{130E1BCF-F46D-4807-8E72-552CFE4C93F9}"
	ProjectSection(ProjectDependencies) = postProject
		{6002E108-3E51-4D00-8732-884EEF0270C3} = {6002E108-3E51-4D00-8732-884EEF0270C3}
		{C44382CD-42F4-4FAD-A1BE-648D78B4F6DD} = {C44382CD-42F4-4FAD-A1BE-648D78B4F6DD}
	EndProjectSection
EndProject
Project("{8BC9CEB8-8B4A-11D0-8D11-00A0C91BC942}") = "Sample_Compositor", "Samples\Compositor\Sample_Compositor.vcxproj", "{7E4CAB89-4B16-4704-BCDA-0CD774EAA203}"
	ProjectSection(ProjectDependencies) = postProject
		{6002E108-3E51-4D00-8732-884EEF0270C3} = {6002E108-3E51-4D00-8732-884EEF0270C3}
		{C44382CD-42F4-4FAD-A1BE-648D78B4F6DD} = {C44382CD-42F4-4FAD-A1BE-648D78B4F6DD}
	EndProjectSection
EndProject
Project("{8BC9CEB8-8B4A-11D0-8D11-00A0C91BC942}") = "Sample_CubeMapping", "Samples\CubeMapping\Sample_CubeMapping.vcxproj", "{3072C362-84A2-43CB-94DC-225A4EB0D1D7}"
	ProjectSection(ProjectDependencies) = postProject
		{6002E108-3E51-4D00-8732-884EEF0270C3} = {6002E108-3E51-4D00-8732-884EEF0270C3}
		{C44382CD-42F4-4FAD-A1BE-648D78B4F6DD} = {C44382CD-42F4-4FAD-A1BE-648D78B4F6DD}
	EndProjectSection
EndProject
Project("{8BC9CEB8-8B4A-11D0-8D11-00A0C91BC942}") = "Sample_DeferredShading", "Samples\DeferredShading\Sample_DeferredShading.vcxproj", "{FAC19965-23DE-4695-8BA6-A47E637C8F81}"
	ProjectSection(ProjectDependencies) = postProject
		{6002E108-3E51-4D00-8732-884EEF0270C3} = {6002E108-3E51-4D00-8732-884EEF0270C3}
		{C44382CD-42F4-4FAD-A1BE-648D78B4F6DD} = {C44382CD-42F4-4FAD-A1BE-648D78B4F6DD}
	EndProjectSection
EndProject
Project("{8BC9CEB8-8B4A-11D0-8D11-00A0C91BC942}") = "Sample_Dot3Bump", "Samples\Dot3Bump\Sample_Dot3Bump.vcxproj", "{FCE888A7-C100-41F0-AC1E-3314C25FC70D}"
	ProjectSection(ProjectDependencies) = postProject
		{6002E108-3E51-4D00-8732-884EEF0270C3} = {6002E108-3E51-4D00-8732-884EEF0270C3}
		{C44382CD-42F4-4FAD-A1BE-648D78B4F6DD} = {C44382CD-42F4-4FAD-A1BE-648D78B4F6DD}
	EndProjectSection
EndProject
Project("{8BC9CEB8-8B4A-11D0-8D11-00A0C91BC942}") = "Sample_DynTex", "Samples\DynTex\Sample_DynTex.vcxproj", "{4AB2D3B6-D752-4D3B-862C-37BA3C68F6EB}"
	ProjectSection(ProjectDependencies) = postProject
		{6002E108-3E51-4D00-8732-884EEF0270C3} = {6002E108-3E51-4D00-8732-884EEF0270C3}
		{C44382CD-42F4-4FAD-A1BE-648D78B4F6DD} = {C44382CD-42F4-4FAD-A1BE-648D78B4F6DD}
	EndProjectSection
EndProject
Project("{8BC9CEB8-8B4A-11D0-8D11-00A0C91BC942}") = "Sample_FacialAnimation", "Samples\FacialAnimation\Sample_FacialAnimation.vcxproj", "{F678339A-8339-481B-8557-DA9D6493FE27}"
	ProjectSection(ProjectDependencies) = postProject
		{6002E108-3E51-4D00-8732-884EEF0270C3} = {6002E108-3E51-4D00-8732-884EEF0270C3}
		{C44382CD-42F4-4FAD-A1BE-648D78B4F6DD} = {C44382CD-42F4-4FAD-A1BE-648D78B4F6DD}
	EndProjectSection
EndProject
Project("{8BC9CEB8-8B4A-11D0-8D11-00A0C91BC942}") = "Sample_Fresnel", "Samples\Fresnel\Sample_Fresnel.vcxproj", "{92FAB6E0-2FD9-466F-9299-1BA306BC9891}"
	ProjectSection(ProjectDependencies) = postProject
		{6002E108-3E51-4D00-8732-884EEF0270C3} = {6002E108-3E51-4D00-8732-884EEF0270C3}
		{C44382CD-42F4-4FAD-A1BE-648D78B4F6DD} = {C44382CD-42F4-4FAD-A1BE-648D78B4F6DD}
	EndProjectSection
EndProject
Project("{8BC9CEB8-8B4A-11D0-8D11-00A0C91BC942}") = "Sample_Grass", "Samples\Grass\Sample_Grass.vcxproj", "{A64C839C-7F19-459D-BF15-CEB6A946CBC0}"
	ProjectSection(ProjectDependencies) = postProject
		{6002E108-3E51-4D00-8732-884EEF0270C3} = {6002E108-3E51-4D00-8732-884EEF0270C3}
		{C44382CD-42F4-4FAD-A1BE-648D78B4F6DD} = {C44382CD-42F4-4FAD-A1BE-648D78B4F6DD}
	EndProjectSection
EndProject
Project("{8BC9CEB8-8B4A-11D0-8D11-00A0C91BC942}") = "Sample_Instancing", "Samples\Instancing\Sample_Instancing.vcxproj", "{F8AC6104-5578-4FFD-AF20-E65DF11FAC97}"
	ProjectSection(ProjectDependencies) = postProject
		{6002E108-3E51-4D00-8732-884EEF0270C3} = {6002E108-3E51-4D00-8732-884EEF0270C3}
		{C44382CD-42F4-4FAD-A1BE-648D78B4F6DD} = {C44382CD-42F4-4FAD-A1BE-648D78B4F6DD}
	EndProjectSection
EndProject
Project("{8BC9CEB8-8B4A-11D0-8D11-00A0C91BC942}") = "Sample_Isosurf", "Samples\Isosurf\Sample_Isosurf.vcxproj", "{626B7277-362B-4D85-966E-88EA89BEA281}"
	ProjectSection(ProjectDependencies) = postProject
		{6002E108-3E51-4D00-8732-884EEF0270C3} = {6002E108-3E51-4D00-8732-884EEF0270C3}
		{C44382CD-42F4-4FAD-A1BE-648D78B4F6DD} = {C44382CD-42F4-4FAD-A1BE-648D78B4F6DD}
	EndProjectSection
EndProject
Project("{8BC9CEB8-8B4A-11D0-8D11-00A0C91BC942}") = "Sample_Lighting", "Samples\Lighting\Sample_Lighting.vcxproj", "{A32BF224-A505-42C3-B406-4628D4A15D68}"
	ProjectSection(ProjectDependencies) = postProject
		{6002E108-3E51-4D00-8732-884EEF0270C3} = {6002E108-3E51-4D00-8732-884EEF0270C3}
		{C44382CD-42F4-4FAD-A1BE-648D78B4F6DD} = {C44382CD-42F4-4FAD-A1BE-648D78B4F6DD}
	EndProjectSection
EndProject
Project("{8BC9CEB8-8B4A-11D0-8D11-00A0C91BC942}") = "Sample_Ocean", "Samples\OceanDemo\Sample_Ocean.vcxproj", "{A44C1611-6385-4FD5-9BF8-6688CFF80CA1}"
	ProjectSection(ProjectDependencies) = postProject
		{6002E108-3E51-4D00-8732-884EEF0270C3} = {6002E108-3E51-4D00-8732-884EEF0270C3}
		{C44382CD-42F4-4FAD-A1BE-648D78B4F6DD} = {C44382CD-42F4-4FAD-A1BE-648D78B4F6DD}
	EndProjectSection
EndProject
Project("{8BC9CEB8-8B4A-11D0-8D11-00A0C91BC942}") = "Sample_ParticleFX", "Samples\ParticleFX\Sample_ParticleFX.vcxproj", "{A61F9B8E-AB2C-4105-8D4E-D4F3D7A37D58}"
	ProjectSection(ProjectDependencies) = postProject
		{6002E108-3E51-4D00-8732-884EEF0270C3} = {6002E108-3E51-4D00-8732-884EEF0270C3}
		{C44382CD-42F4-4FAD-A1BE-648D78B4F6DD} = {C44382CD-42F4-4FAD-A1BE-648D78B4F6DD}
	EndProjectSection
EndProject
Project("{8BC9CEB8-8B4A-11D0-8D11-00A0C91BC942}") = "Sample_ParticleGS", "Samples\ParticleGS\Sample_ParticleGS.vcxproj", "{4A62C433-EAB2-4D28-BC2B-5D9DFF24AAE3}"
	ProjectSection(ProjectDependencies) = postProject
		{6002E108-3E51-4D00-8732-884EEF0270C3} = {6002E108-3E51-4D00-8732-884EEF0270C3}
		{C44382CD-42F4-4FAD-A1BE-648D78B4F6DD} = {C44382CD-42F4-4FAD-A1BE-648D78B4F6DD}
	EndProjectSection
EndProject
Project("{8BC9CEB8-8B4A-11D0-8D11-00A0C91BC942}") = "Sample_ShaderSystem", "Samples\ShaderSystem\Sample_ShaderSystem.vcxproj", "{CF26646C-B144-40AC-B1EC-388E1D480B5E}"
	ProjectSection(ProjectDependencies) = postProject
		{6002E108-3E51-4D00-8732-884EEF0270C3} = {6002E108-3E51-4D00-8732-884EEF0270C3}
		{C44382CD-42F4-4FAD-A1BE-648D78B4F6DD} = {C44382CD-42F4-4FAD-A1BE-648D78B4F6DD}
	EndProjectSection
EndProject
Project("{8BC9CEB8-8B4A-11D0-8D11-00A0C91BC942}") = "Sample_Shadows", "Samples\Shadows\Sample_Shadows.vcxproj", "{352F2829-6359-4256-A648-D4AED91704BF}"
	ProjectSection(ProjectDependencies) = postProject
		{6002E108-3E51-4D00-8732-884EEF0270C3} = {6002E108-3E51-4D00-8732-884EEF0270C3}
		{C44382CD-42F4-4FAD-A1BE-648D78B4F6DD} = {C44382CD-42F4-4FAD-A1BE-648D78B4F6DD}
	EndProjectSection
EndProject
Project("{8BC9CEB8-8B4A-11D0-8D11-00A0C91BC942}") = "Sample_SkeletalAnimation", "Samples\SkeletalAnimation\Sample_SkeletalAnimation.vcxproj", "{B22EA275-739C-4900-949B-669E3242B63B}"
	ProjectSection(ProjectDependencies) = postProject
		{6002E108-3E51-4D00-8732-884EEF0270C3} = {6002E108-3E51-4D00-8732-884EEF0270C3}
		{C44382CD-42F4-4FAD-A1BE-648D78B4F6DD} = {C44382CD-42F4-4FAD-A1BE-648D78B4F6DD}
	EndProjectSection
EndProject
Project("{8BC9CEB8-8B4A-11D0-8D11-00A0C91BC942}") = "Sample_SkyBox", "Samples\SkyBox\Sample_SkyBox.vcxproj", "{8EE058F2-5DF8-4A12-AF1A-01528BA348FA}"
	ProjectSection(ProjectDependencies) = postProject
		{6002E108-3E51-4D00-8732-884EEF0270C3} = {6002E108-3E51-4D00-8732-884EEF0270C3}
		{C44382CD-42F4-4FAD-A1BE-648D78B4F6DD} = {C44382CD-42F4-4FAD-A1BE-648D78B4F6DD}
	EndProjectSection
EndProject
Project("{8BC9CEB8-8B4A-11D0-8D11-00A0C91BC942}") = "Sample_SkyDome", "Samples\SkyDome\Sample_SkyDome.vcxproj", "{C0B4C72A-DAC4-4321-863B-9B20767F209E}"
	ProjectSection(ProjectDependencies) = postProject
		{6002E108-3E51-4D00-8732-884EEF0270C3} = {6002E108-3E51-4D00-8732-884EEF0270C3}
		{C44382CD-42F4-4FAD-A1BE-648D78B4F6DD} = {C44382CD-42F4-4FAD-A1BE-648D78B4F6DD}
	EndProjectSection
EndProject
Project("{8BC9CEB8-8B4A-11D0-8D11-00A0C91BC942}") = "Sample_SkyPlane", "Samples\SkyPlane\Sample_SkyPlane.vcxproj", "{24727A15-7FA5-450C-86A0-1DB973E095AF}"
	ProjectSection(ProjectDependencies) = postProject
		{6002E108-3E51-4D00-8732-884EEF0270C3} = {6002E108-3E51-4D00-8732-884EEF0270C3}
		{C44382CD-42F4-4FAD-A1BE-648D78B4F6DD} = {C44382CD-42F4-4FAD-A1BE-648D78B4F6DD}
	EndProjectSection
EndProject
Project("{8BC9CEB8-8B4A-11D0-8D11-00A0C91BC942}") = "Sample_Smoke", "Samples\Smoke\Sample_Smoke.vcxproj", "{25278D19-13E2-4766-B744-4E0C133CBD1E}"
	ProjectSection(ProjectDependencies) = postProject
		{6002E108-3E51-4D00-8732-884EEF0270C3} = {6002E108-3E51-4D00-8732-884EEF0270C3}
		{C44382CD-42F4-4FAD-A1BE-648D78B4F6DD} = {C44382CD-42F4-4FAD-A1BE-648D78B4F6DD}
	EndProjectSection
EndProject
Project("{8BC9CEB8-8B4A-11D0-8D11-00A0C91BC942}") = "Sample_SphereMapping", "Samples\SphereMapping\Sample_SphereMapping.vcxproj", "{FB4BF392-83E3-4FF6-BA58-A1E77B18C8AE}"
	ProjectSection(ProjectDependencies) = postProject
		{6002E108-3E51-4D00-8732-884EEF0270C3} = {6002E108-3E51-4D00-8732-884EEF0270C3}
		{C44382CD-42F4-4FAD-A1BE-648D78B4F6DD} = {C44382CD-42F4-4FAD-A1BE-648D78B4F6DD}
	EndProjectSection
EndProject
Project("{8BC9CEB8-8B4A-11D0-8D11-00A0C91BC942}") = "Sample_Terrain", "Samples\Terrain\Sample_Terrain.vcxproj", "{5BFB73EB-D368-4863-BC40-E34BF93D184A}"
	ProjectSection(ProjectDependencies) = postProject
		{6002E108-3E51-4D00-8732-884EEF0270C3} = {6002E108-3E51-4D00-8732-884EEF0270C3}
		{6A1801AA-8D2D-43DD-ADC0-E2D089F33599} = {6A1801AA-8D2D-43DD-ADC0-E2D089F33599}
		{C44382CD-42F4-4FAD-A1BE-648D78B4F6DD} = {C44382CD-42F4-4FAD-A1BE-648D78B4F6DD}
		{CD640E61-0B39-4F36-A83A-04CD08C22484} = {CD640E61-0B39-4F36-A83A-04CD08C22484}
	EndProjectSection
EndProject
Project("{8BC9CEB8-8B4A-11D0-8D11-00A0C91BC942}") = "Sample_TextureFX", "Samples\TextureFX\Sample_TextureFX.vcxproj", "{519187F3-C5E6-479A-8A10-569C1A8853B6}"
	ProjectSection(ProjectDependencies) = postProject
		{6002E108-3E51-4D00-8732-884EEF0270C3} = {6002E108-3E51-4D00-8732-884EEF0270C3}
		{C44382CD-42F4-4FAD-A1BE-648D78B4F6DD} = {C44382CD-42F4-4FAD-A1BE-648D78B4F6DD}
	EndProjectSection
EndProject
Project("{8BC9CEB8-8B4A-11D0-8D11-00A0C91BC942}") = "Sample_Transparency", "Samples\Transparency\Sample_Transparency.vcxproj", "{9CDA27CD-673A-4C59-B316-561242F25205}"
	ProjectSection(ProjectDependencies) = postProject
		{6002E108-3E51-4D00-8732-884EEF0270C3} = {6002E108-3E51-4D00-8732-884EEF0270C3}
		{C44382CD-42F4-4FAD-A1BE-648D78B4F6DD} = {C44382CD-42F4-4FAD-A1BE-648D78B4F6DD}
	EndProjectSection
EndProject
Project("{8BC9CEB8-8B4A-11D0-8D11-00A0C91BC942}") = "Sample_VolumeTex", "Samples\VolumeTex\Sample_VolumeTex.vcxproj", "{82AF23A3-2E51-4E4A-8C5A-EFF880C00055}"
	ProjectSection(ProjectDependencies) = postProject
		{6002E108-3E51-4D00-8732-884EEF0270C3} = {6002E108-3E51-4D00-8732-884EEF0270C3}
		{C44382CD-42F4-4FAD-A1BE-648D78B4F6DD} = {C44382CD-42F4-4FAD-A1BE-648D78B4F6DD}
	EndProjectSection
EndProject
Project("{8BC9CEB8-8B4A-11D0-8D11-00A0C91BC942}") = "Sample_Water", "Samples\Water\Sample_Water.vcxproj", "{A3E69F2D-E7C6-4F98-9D82-F26D6D887195}"
	ProjectSection(ProjectDependencies) = postProject
		{6002E108-3E51-4D00-8732-884EEF0270C3} = {6002E108-3E51-4D00-8732-884EEF0270C3}
		{C44382CD-42F4-4FAD-A1BE-648D78B4F6DD} = {C44382CD-42F4-4FAD-A1BE-648D78B4F6DD}
	EndProjectSection
EndProject
Global
	GlobalSection(SolutionConfigurationPlatforms) = preSolution
		Debug|Win32 = Debug|Win32
		Release|Win32 = Release|Win32
		MinSizeRel|Win32 = MinSizeRel|Win32
		RelWithDebInfo|Win32 = RelWithDebInfo|Win32
	EndGlobalSection
	GlobalSection(ProjectConfigurationPlatforms) = postSolution
		{3725FBD8-DD1B-42A0-AA51-FBB2F7B4AC6D}.Debug|Win32.ActiveCfg = Debug|Win32
		{3725FBD8-DD1B-42A0-AA51-FBB2F7B4AC6D}.Debug|Win32.Build.0 = Debug|Win32
		{3725FBD8-DD1B-42A0-AA51-FBB2F7B4AC6D}.Release|Win32.ActiveCfg = Release|Win32
		{3725FBD8-DD1B-42A0-AA51-FBB2F7B4AC6D}.Release|Win32.Build.0 = Release|Win32
		{3725FBD8-DD1B-42A0-AA51-FBB2F7B4AC6D}.MinSizeRel|Win32.ActiveCfg = MinSizeRel|Win32
		{3725FBD8-DD1B-42A0-AA51-FBB2F7B4AC6D}.MinSizeRel|Win32.Build.0 = MinSizeRel|Win32
		{3725FBD8-DD1B-42A0-AA51-FBB2F7B4AC6D}.RelWithDebInfo|Win32.ActiveCfg = RelWithDebInfo|Win32
		{3725FBD8-DD1B-42A0-AA51-FBB2F7B4AC6D}.RelWithDebInfo|Win32.Build.0 = RelWithDebInfo|Win32
		{58273B39-026C-494C-9C68-B0CC15D79021}.Debug|Win32.ActiveCfg = Debug|Win32
		{58273B39-026C-494C-9C68-B0CC15D79021}.Release|Win32.ActiveCfg = Release|Win32
		{58273B39-026C-494C-9C68-B0CC15D79021}.MinSizeRel|Win32.ActiveCfg = MinSizeRel|Win32
		{58273B39-026C-494C-9C68-B0CC15D79021}.RelWithDebInfo|Win32.ActiveCfg = RelWithDebInfo|Win32
		{6002E108-3E51-4D00-8732-884EEF0270C3}.Debug|Win32.ActiveCfg = Debug|Win32
		{6002E108-3E51-4D00-8732-884EEF0270C3}.Debug|Win32.Build.0 = Debug|Win32
		{6002E108-3E51-4D00-8732-884EEF0270C3}.Release|Win32.ActiveCfg = Release|Win32
		{6002E108-3E51-4D00-8732-884EEF0270C3}.Release|Win32.Build.0 = Release|Win32
		{6002E108-3E51-4D00-8732-884EEF0270C3}.MinSizeRel|Win32.ActiveCfg = MinSizeRel|Win32
		{6002E108-3E51-4D00-8732-884EEF0270C3}.MinSizeRel|Win32.Build.0 = MinSizeRel|Win32
		{6002E108-3E51-4D00-8732-884EEF0270C3}.RelWithDebInfo|Win32.ActiveCfg = RelWithDebInfo|Win32
		{6002E108-3E51-4D00-8732-884EEF0270C3}.RelWithDebInfo|Win32.Build.0 = RelWithDebInfo|Win32
		{475C9AFA-7867-4774-88D5-E26E58C9F132}.Debug|Win32.ActiveCfg = Debug|Win32
		{475C9AFA-7867-4774-88D5-E26E58C9F132}.Debug|Win32.Build.0 = Debug|Win32
		{475C9AFA-7867-4774-88D5-E26E58C9F132}.Release|Win32.ActiveCfg = Release|Win32
		{475C9AFA-7867-4774-88D5-E26E58C9F132}.Release|Win32.Build.0 = Release|Win32
		{475C9AFA-7867-4774-88D5-E26E58C9F132}.MinSizeRel|Win32.ActiveCfg = MinSizeRel|Win32
		{475C9AFA-7867-4774-88D5-E26E58C9F132}.MinSizeRel|Win32.Build.0 = MinSizeRel|Win32
		{475C9AFA-7867-4774-88D5-E26E58C9F132}.RelWithDebInfo|Win32.ActiveCfg = RelWithDebInfo|Win32
		{475C9AFA-7867-4774-88D5-E26E58C9F132}.RelWithDebInfo|Win32.Build.0 = RelWithDebInfo|Win32
		{6A1801AA-8D2D-43DD-ADC0-E2D089F33599}.Debug|Win32.ActiveCfg = Debug|Win32
		{6A1801AA-8D2D-43DD-ADC0-E2D089F33599}.Debug|Win32.Build.0 = Debug|Win32
		{6A1801AA-8D2D-43DD-ADC0-E2D089F33599}.Release|Win32.ActiveCfg = Release|Win32
		{6A1801AA-8D2D-43DD-ADC0-E2D089F33599}.Release|Win32.Build.0 = Release|Win32
		{6A1801AA-8D2D-43DD-ADC0-E2D089F33599}.MinSizeRel|Win32.ActiveCfg = MinSizeRel|Win32
		{6A1801AA-8D2D-43DD-ADC0-E2D089F33599}.MinSizeRel|Win32.Build.0 = MinSizeRel|Win32
		{6A1801AA-8D2D-43DD-ADC0-E2D089F33599}.RelWithDebInfo|Win32.ActiveCfg = RelWithDebInfo|Win32
		{6A1801AA-8D2D-43DD-ADC0-E2D089F33599}.RelWithDebInfo|Win32.Build.0 = RelWithDebInfo|Win32
		{B96A82B0-04F1-4ED6-A04A-CC15DB2E65DB}.Debug|Win32.ActiveCfg = Debug|Win32
		{B96A82B0-04F1-4ED6-A04A-CC15DB2E65DB}.Debug|Win32.Build.0 = Debug|Win32
		{B96A82B0-04F1-4ED6-A04A-CC15DB2E65DB}.Release|Win32.ActiveCfg = Release|Win32
		{B96A82B0-04F1-4ED6-A04A-CC15DB2E65DB}.Release|Win32.Build.0 = Release|Win32
		{B96A82B0-04F1-4ED6-A04A-CC15DB2E65DB}.MinSizeRel|Win32.ActiveCfg = MinSizeRel|Win32
		{B96A82B0-04F1-4ED6-A04A-CC15DB2E65DB}.MinSizeRel|Win32.Build.0 = MinSizeRel|Win32
		{B96A82B0-04F1-4ED6-A04A-CC15DB2E65DB}.RelWithDebInfo|Win32.ActiveCfg = RelWithDebInfo|Win32
		{B96A82B0-04F1-4ED6-A04A-CC15DB2E65DB}.RelWithDebInfo|Win32.Build.0 = RelWithDebInfo|Win32
		{C44382CD-42F4-4FAD-A1BE-648D78B4F6DD}.Debug|Win32.ActiveCfg = Debug|Win32
		{C44382CD-42F4-4FAD-A1BE-648D78B4F6DD}.Debug|Win32.Build.0 = Debug|Win32
		{C44382CD-42F4-4FAD-A1BE-648D78B4F6DD}.Release|Win32.ActiveCfg = Release|Win32
		{C44382CD-42F4-4FAD-A1BE-648D78B4F6DD}.Release|Win32.Build.0 = Release|Win32
		{C44382CD-42F4-4FAD-A1BE-648D78B4F6DD}.MinSizeRel|Win32.ActiveCfg = MinSizeRel|Win32
		{C44382CD-42F4-4FAD-A1BE-648D78B4F6DD}.MinSizeRel|Win32.Build.0 = MinSizeRel|Win32
		{C44382CD-42F4-4FAD-A1BE-648D78B4F6DD}.RelWithDebInfo|Win32.ActiveCfg = RelWithDebInfo|Win32
		{C44382CD-42F4-4FAD-A1BE-648D78B4F6DD}.RelWithDebInfo|Win32.Build.0 = RelWithDebInfo|Win32
		{CD640E61-0B39-4F36-A83A-04CD08C22484}.Debug|Win32.ActiveCfg = Debug|Win32
		{CD640E61-0B39-4F36-A83A-04CD08C22484}.Debug|Win32.Build.0 = Debug|Win32
		{CD640E61-0B39-4F36-A83A-04CD08C22484}.Release|Win32.ActiveCfg = Release|Win32
		{CD640E61-0B39-4F36-A83A-04CD08C22484}.Release|Win32.Build.0 = Release|Win32
		{CD640E61-0B39-4F36-A83A-04CD08C22484}.MinSizeRel|Win32.ActiveCfg = MinSizeRel|Win32
		{CD640E61-0B39-4F36-A83A-04CD08C22484}.MinSizeRel|Win32.Build.0 = MinSizeRel|Win32
		{CD640E61-0B39-4F36-A83A-04CD08C22484}.RelWithDebInfo|Win32.ActiveCfg = RelWithDebInfo|Win32
		{CD640E61-0B39-4F36-A83A-04CD08C22484}.RelWithDebInfo|Win32.Build.0 = RelWithDebInfo|Win32
		{E78667B2-C8CC-4872-BFCF-C51CA5CE66EA}.Debug|Win32.ActiveCfg = Debug|Win32
		{E78667B2-C8CC-4872-BFCF-C51CA5CE66EA}.Debug|Win32.Build.0 = Debug|Win32
		{E78667B2-C8CC-4872-BFCF-C51CA5CE66EA}.Release|Win32.ActiveCfg = Release|Win32
		{E78667B2-C8CC-4872-BFCF-C51CA5CE66EA}.Release|Win32.Build.0 = Release|Win32
		{E78667B2-C8CC-4872-BFCF-C51CA5CE66EA}.MinSizeRel|Win32.ActiveCfg = MinSizeRel|Win32
		{E78667B2-C8CC-4872-BFCF-C51CA5CE66EA}.MinSizeRel|Win32.Build.0 = MinSizeRel|Win32
		{E78667B2-C8CC-4872-BFCF-C51CA5CE66EA}.RelWithDebInfo|Win32.ActiveCfg = RelWithDebInfo|Win32
		{E78667B2-C8CC-4872-BFCF-C51CA5CE66EA}.RelWithDebInfo|Win32.Build.0 = RelWithDebInfo|Win32
		{CC96BEFC-625C-43EF-A69C-5A25C0E76CAF}.Debug|Win32.ActiveCfg = Debug|Win32
		{CC96BEFC-625C-43EF-A69C-5A25C0E76CAF}.Release|Win32.ActiveCfg = Release|Win32
		{CC96BEFC-625C-43EF-A69C-5A25C0E76CAF}.MinSizeRel|Win32.ActiveCfg = MinSizeRel|Win32
		{CC96BEFC-625C-43EF-A69C-5A25C0E76CAF}.RelWithDebInfo|Win32.ActiveCfg = RelWithDebInfo|Win32
		{04349C6F-2332-4460-AF91-63F7DA9BF13F}.Debug|Win32.ActiveCfg = Debug|Win32
		{04349C6F-2332-4460-AF91-63F7DA9BF13F}.Debug|Win32.Build.0 = Debug|Win32
		{04349C6F-2332-4460-AF91-63F7DA9BF13F}.Release|Win32.ActiveCfg = Release|Win32
		{04349C6F-2332-4460-AF91-63F7DA9BF13F}.Release|Win32.Build.0 = Release|Win32
		{04349C6F-2332-4460-AF91-63F7DA9BF13F}.MinSizeRel|Win32.ActiveCfg = MinSizeRel|Win32
		{04349C6F-2332-4460-AF91-63F7DA9BF13F}.MinSizeRel|Win32.Build.0 = MinSizeRel|Win32
		{04349C6F-2332-4460-AF91-63F7DA9BF13F}.RelWithDebInfo|Win32.ActiveCfg = RelWithDebInfo|Win32
		{04349C6F-2332-4460-AF91-63F7DA9BF13F}.RelWithDebInfo|Win32.Build.0 = RelWithDebInfo|Win32
		{C1B4F906-B6A9-44CC-8A07-0161431BB5CC}.Debug|Win32.ActiveCfg = Debug|Win32
		{C1B4F906-B6A9-44CC-8A07-0161431BB5CC}.Debug|Win32.Build.0 = Debug|Win32
		{C1B4F906-B6A9-44CC-8A07-0161431BB5CC}.Release|Win32.ActiveCfg = Release|Win32
		{C1B4F906-B6A9-44CC-8A07-0161431BB5CC}.Release|Win32.Build.0 = Release|Win32
		{C1B4F906-B6A9-44CC-8A07-0161431BB5CC}.MinSizeRel|Win32.ActiveCfg = MinSizeRel|Win32
		{C1B4F906-B6A9-44CC-8A07-0161431BB5CC}.MinSizeRel|Win32.Build.0 = MinSizeRel|Win32
		{C1B4F906-B6A9-44CC-8A07-0161431BB5CC}.RelWithDebInfo|Win32.ActiveCfg = RelWithDebInfo|Win32
		{C1B4F906-B6A9-44CC-8A07-0161431BB5CC}.RelWithDebInfo|Win32.Build.0 = RelWithDebInfo|Win32
		{0CC00CD8-02B4-4F3D-98D1-DA511010F3DD}.Debug|Win32.ActiveCfg = Debug|Win32
		{0CC00CD8-02B4-4F3D-98D1-DA511010F3DD}.Debug|Win32.Build.0 = Debug|Win32
		{0CC00CD8-02B4-4F3D-98D1-DA511010F3DD}.Release|Win32.ActiveCfg = Release|Win32
		{0CC00CD8-02B4-4F3D-98D1-DA511010F3DD}.Release|Win32.Build.0 = Release|Win32
		{0CC00CD8-02B4-4F3D-98D1-DA511010F3DD}.MinSizeRel|Win32.ActiveCfg = MinSizeRel|Win32
		{0CC00CD8-02B4-4F3D-98D1-DA511010F3DD}.MinSizeRel|Win32.Build.0 = MinSizeRel|Win32
		{0CC00CD8-02B4-4F3D-98D1-DA511010F3DD}.RelWithDebInfo|Win32.ActiveCfg = RelWithDebInfo|Win32
		{0CC00CD8-02B4-4F3D-98D1-DA511010F3DD}.RelWithDebInfo|Win32.Build.0 = RelWithDebInfo|Win32
		{BAD7CDC9-8841-4B05-AC50-224E7B601C63}.Debug|Win32.ActiveCfg = Debug|Win32
		{BAD7CDC9-8841-4B05-AC50-224E7B601C63}.Debug|Win32.Build.0 = Debug|Win32
		{BAD7CDC9-8841-4B05-AC50-224E7B601C63}.Release|Win32.ActiveCfg = Release|Win32
		{BAD7CDC9-8841-4B05-AC50-224E7B601C63}.Release|Win32.Build.0 = Release|Win32
		{BAD7CDC9-8841-4B05-AC50-224E7B601C63}.MinSizeRel|Win32.ActiveCfg = MinSizeRel|Win32
		{BAD7CDC9-8841-4B05-AC50-224E7B601C63}.MinSizeRel|Win32.Build.0 = MinSizeRel|Win32
		{BAD7CDC9-8841-4B05-AC50-224E7B601C63}.RelWithDebInfo|Win32.ActiveCfg = RelWithDebInfo|Win32
		{BAD7CDC9-8841-4B05-AC50-224E7B601C63}.RelWithDebInfo|Win32.Build.0 = RelWithDebInfo|Win32
		{1282D6D9-6F87-4788-9269-ED69FA0128E4}.Debug|Win32.ActiveCfg = Debug|Win32
		{1282D6D9-6F87-4788-9269-ED69FA0128E4}.Debug|Win32.Build.0 = Debug|Win32
		{1282D6D9-6F87-4788-9269-ED69FA0128E4}.Release|Win32.ActiveCfg = Release|Win32
		{1282D6D9-6F87-4788-9269-ED69FA0128E4}.Release|Win32.Build.0 = Release|Win32
		{1282D6D9-6F87-4788-9269-ED69FA0128E4}.MinSizeRel|Win32.ActiveCfg = MinSizeRel|Win32
		{1282D6D9-6F87-4788-9269-ED69FA0128E4}.MinSizeRel|Win32.Build.0 = MinSizeRel|Win32
		{1282D6D9-6F87-4788-9269-ED69FA0128E4}.RelWithDebInfo|Win32.ActiveCfg = RelWithDebInfo|Win32
		{1282D6D9-6F87-4788-9269-ED69FA0128E4}.RelWithDebInfo|Win32.Build.0 = RelWithDebInfo|Win32
		{43C16B93-3801-4B6B-A2FC-0F40F991C482}.Debug|Win32.ActiveCfg = Debug|Win32
		{43C16B93-3801-4B6B-A2FC-0F40F991C482}.Debug|Win32.Build.0 = Debug|Win32
		{43C16B93-3801-4B6B-A2FC-0F40F991C482}.Release|Win32.ActiveCfg = Release|Win32
		{43C16B93-3801-4B6B-A2FC-0F40F991C482}.Release|Win32.Build.0 = Release|Win32
		{43C16B93-3801-4B6B-A2FC-0F40F991C482}.MinSizeRel|Win32.ActiveCfg = MinSizeRel|Win32
		{43C16B93-3801-4B6B-A2FC-0F40F991C482}.MinSizeRel|Win32.Build.0 = MinSizeRel|Win32
		{43C16B93-3801-4B6B-A2FC-0F40F991C482}.RelWithDebInfo|Win32.ActiveCfg = RelWithDebInfo|Win32
		{43C16B93-3801-4B6B-A2FC-0F40F991C482}.RelWithDebInfo|Win32.Build.0 = RelWithDebInfo|Win32
		{D27959D0-1B14-4780-A972-793ECBE114FF}.Debug|Win32.ActiveCfg = Debug|Win32
		{D27959D0-1B14-4780-A972-793ECBE114FF}.Debug|Win32.Build.0 = Debug|Win32
		{D27959D0-1B14-4780-A972-793ECBE114FF}.Release|Win32.ActiveCfg = Release|Win32
		{D27959D0-1B14-4780-A972-793ECBE114FF}.Release|Win32.Build.0 = Release|Win32
		{D27959D0-1B14-4780-A972-793ECBE114FF}.MinSizeRel|Win32.ActiveCfg = MinSizeRel|Win32
		{D27959D0-1B14-4780-A972-793ECBE114FF}.MinSizeRel|Win32.Build.0 = MinSizeRel|Win32
		{D27959D0-1B14-4780-A972-793ECBE114FF}.RelWithDebInfo|Win32.ActiveCfg = RelWithDebInfo|Win32
		{D27959D0-1B14-4780-A972-793ECBE114FF}.RelWithDebInfo|Win32.Build.0 = RelWithDebInfo|Win32
		{E31BF06E-BEF2-4F60-B7B7-51995714836E}.Debug|Win32.ActiveCfg = Debug|Win32
		{E31BF06E-BEF2-4F60-B7B7-51995714836E}.Debug|Win32.Build.0 = Debug|Win32
		{E31BF06E-BEF2-4F60-B7B7-51995714836E}.Release|Win32.ActiveCfg = Release|Win32
		{E31BF06E-BEF2-4F60-B7B7-51995714836E}.Release|Win32.Build.0 = Release|Win32
		{E31BF06E-BEF2-4F60-B7B7-51995714836E}.MinSizeRel|Win32.ActiveCfg = MinSizeRel|Win32
		{E31BF06E-BEF2-4F60-B7B7-51995714836E}.MinSizeRel|Win32.Build.0 = MinSizeRel|Win32
		{E31BF06E-BEF2-4F60-B7B7-51995714836E}.RelWithDebInfo|Win32.ActiveCfg = RelWithDebInfo|Win32
		{E31BF06E-BEF2-4F60-B7B7-51995714836E}.RelWithDebInfo|Win32.Build.0 = RelWithDebInfo|Win32
		{E3147643-7C4D-4974-AFBB-A73E35CEB978}.Debug|Win32.ActiveCfg = Debug|Win32
		{E3147643-7C4D-4974-AFBB-A73E35CEB978}.Debug|Win32.Build.0 = Debug|Win32
		{E3147643-7C4D-4974-AFBB-A73E35CEB978}.Release|Win32.ActiveCfg = Release|Win32
		{E3147643-7C4D-4974-AFBB-A73E35CEB978}.Release|Win32.Build.0 = Release|Win32
		{E3147643-7C4D-4974-AFBB-A73E35CEB978}.MinSizeRel|Win32.ActiveCfg = MinSizeRel|Win32
		{E3147643-7C4D-4974-AFBB-A73E35CEB978}.MinSizeRel|Win32.Build.0 = MinSizeRel|Win32
		{E3147643-7C4D-4974-AFBB-A73E35CEB978}.RelWithDebInfo|Win32.ActiveCfg = RelWithDebInfo|Win32
		{E3147643-7C4D-4974-AFBB-A73E35CEB978}.RelWithDebInfo|Win32.Build.0 = RelWithDebInfo|Win32
		{95C2B026-D99B-42EC-A542-964CF97A7C16}.Debug|Win32.ActiveCfg = Debug|Win32
		{95C2B026-D99B-42EC-A542-964CF97A7C16}.Debug|Win32.Build.0 = Debug|Win32
		{95C2B026-D99B-42EC-A542-964CF97A7C16}.Release|Win32.ActiveCfg = Release|Win32
		{95C2B026-D99B-42EC-A542-964CF97A7C16}.Release|Win32.Build.0 = Release|Win32
		{95C2B026-D99B-42EC-A542-964CF97A7C16}.MinSizeRel|Win32.ActiveCfg = MinSizeRel|Win32
		{95C2B026-D99B-42EC-A542-964CF97A7C16}.MinSizeRel|Win32.Build.0 = MinSizeRel|Win32
		{95C2B026-D99B-42EC-A542-964CF97A7C16}.RelWithDebInfo|Win32.ActiveCfg = RelWithDebInfo|Win32
		{95C2B026-D99B-42EC-A542-964CF97A7C16}.RelWithDebInfo|Win32.Build.0 = RelWithDebInfo|Win32
		{2265EF77-06BD-4102-8F1D-8EBA4E8B42DE}.Debug|Win32.ActiveCfg = Debug|Win32
		{2265EF77-06BD-4102-8F1D-8EBA4E8B42DE}.Debug|Win32.Build.0 = Debug|Win32
		{2265EF77-06BD-4102-8F1D-8EBA4E8B42DE}.Release|Win32.ActiveCfg = Release|Win32
		{2265EF77-06BD-4102-8F1D-8EBA4E8B42DE}.Release|Win32.Build.0 = Release|Win32
		{2265EF77-06BD-4102-8F1D-8EBA4E8B42DE}.MinSizeRel|Win32.ActiveCfg = MinSizeRel|Win32
		{2265EF77-06BD-4102-8F1D-8EBA4E8B42DE}.MinSizeRel|Win32.Build.0 = MinSizeRel|Win32
		{2265EF77-06BD-4102-8F1D-8EBA4E8B42DE}.RelWithDebInfo|Win32.ActiveCfg = RelWithDebInfo|Win32
		{2265EF77-06BD-4102-8F1D-8EBA4E8B42DE}.RelWithDebInfo|Win32.Build.0 = RelWithDebInfo|Win32
		{292E5C34-9E79-4685-AD11-87863726495F}.Debug|Win32.ActiveCfg = Debug|Win32
		{292E5C34-9E79-4685-AD11-87863726495F}.Debug|Win32.Build.0 = Debug|Win32
		{292E5C34-9E79-4685-AD11-87863726495F}.Release|Win32.ActiveCfg = Release|Win32
		{292E5C34-9E79-4685-AD11-87863726495F}.Release|Win32.Build.0 = Release|Win32
		{292E5C34-9E79-4685-AD11-87863726495F}.MinSizeRel|Win32.ActiveCfg = MinSizeRel|Win32
		{292E5C34-9E79-4685-AD11-87863726495F}.MinSizeRel|Win32.Build.0 = MinSizeRel|Win32
		{292E5C34-9E79-4685-AD11-87863726495F}.RelWithDebInfo|Win32.ActiveCfg = RelWithDebInfo|Win32
		{292E5C34-9E79-4685-AD11-87863726495F}.RelWithDebInfo|Win32.Build.0 = RelWithDebInfo|Win32
		{8DD5B7C0-C457-4CD6-B84F-878C7C9FE4CF}.Debug|Win32.ActiveCfg = Debug|Win32
		{8DD5B7C0-C457-4CD6-B84F-878C7C9FE4CF}.Debug|Win32.Build.0 = Debug|Win32
		{8DD5B7C0-C457-4CD6-B84F-878C7C9FE4CF}.Release|Win32.ActiveCfg = Release|Win32
		{8DD5B7C0-C457-4CD6-B84F-878C7C9FE4CF}.Release|Win32.Build.0 = Release|Win32
		{8DD5B7C0-C457-4CD6-B84F-878C7C9FE4CF}.MinSizeRel|Win32.ActiveCfg = MinSizeRel|Win32
		{8DD5B7C0-C457-4CD6-B84F-878C7C9FE4CF}.MinSizeRel|Win32.Build.0 = MinSizeRel|Win32
		{8DD5B7C0-C457-4CD6-B84F-878C7C9FE4CF}.RelWithDebInfo|Win32.ActiveCfg = RelWithDebInfo|Win32
		{8DD5B7C0-C457-4CD6-B84F-878C7C9FE4CF}.RelWithDebInfo|Win32.Build.0 = RelWithDebInfo|Win32
		{130E1BCF-F46D-4807-8E72-552CFE4C93F9}.Debug|Win32.ActiveCfg = Debug|Win32
		{130E1BCF-F46D-4807-8E72-552CFE4C93F9}.Debug|Win32.Build.0 = Debug|Win32
		{130E1BCF-F46D-4807-8E72-552CFE4C93F9}.Release|Win32.ActiveCfg = Release|Win32
		{130E1BCF-F46D-4807-8E72-552CFE4C93F9}.Release|Win32.Build.0 = Release|Win32
		{130E1BCF-F46D-4807-8E72-552CFE4C93F9}.MinSizeRel|Win32.ActiveCfg = MinSizeRel|Win32
		{130E1BCF-F46D-4807-8E72-552CFE4C93F9}.MinSizeRel|Win32.Build.0 = MinSizeRel|Win32
		{130E1BCF-F46D-4807-8E72-552CFE4C93F9}.RelWithDebInfo|Win32.ActiveCfg = RelWithDebInfo|Win32
		{130E1BCF-F46D-4807-8E72-552CFE4C93F9}.RelWithDebInfo|Win32.Build.0 = RelWithDebInfo|Win32
		{7E4CAB89-4B16-4704-BCDA-0CD774EAA203}.Debug|Win32.ActiveCfg = Debug|Win32
		{7E4CAB89-4B16-4704-BCDA-0CD774EAA203}.Debug|Win32.Build.0 = Debug|Win32
		{7E4CAB89-4B16-4704-BCDA-0CD774EAA203}.Release|Win32.ActiveCfg = Release|Win32
		{7E4CAB89-4B16-4704-BCDA-0CD774EAA203}.Release|Win32.Build.0 = Release|Win32
		{7E4CAB89-4B16-4704-BCDA-0CD774EAA203}.MinSizeRel|Win32.ActiveCfg = MinSizeRel|Win32
		{7E4CAB89-4B16-4704-BCDA-0CD774EAA203}.MinSizeRel|Win32.Build.0 = MinSizeRel|Win32
		{7E4CAB89-4B16-4704-BCDA-0CD774EAA203}.RelWithDebInfo|Win32.ActiveCfg = RelWithDebInfo|Win32
		{7E4CAB89-4B16-4704-BCDA-0CD774EAA203}.RelWithDebInfo|Win32.Build.0 = RelWithDebInfo|Win32
		{3072C362-84A2-43CB-94DC-225A4EB0D1D7}.Debug|Win32.ActiveCfg = Debug|Win32
		{3072C362-84A2-43CB-94DC-225A4EB0D1D7}.Debug|Win32.Build.0 = Debug|Win32
		{3072C362-84A2-43CB-94DC-225A4EB0D1D7}.Release|Win32.ActiveCfg = Release|Win32
		{3072C362-84A2-43CB-94DC-225A4EB0D1D7}.Release|Win32.Build.0 = Release|Win32
		{3072C362-84A2-43CB-94DC-225A4EB0D1D7}.MinSizeRel|Win32.ActiveCfg = MinSizeRel|Win32
		{3072C362-84A2-43CB-94DC-225A4EB0D1D7}.MinSizeRel|Win32.Build.0 = MinSizeRel|Win32
		{3072C362-84A2-43CB-94DC-225A4EB0D1D7}.RelWithDebInfo|Win32.ActiveCfg = RelWithDebInfo|Win32
		{3072C362-84A2-43CB-94DC-225A4EB0D1D7}.RelWithDebInfo|Win32.Build.0 = RelWithDebInfo|Win32
		{FAC19965-23DE-4695-8BA6-A47E637C8F81}.Debug|Win32.ActiveCfg = Debug|Win32
		{FAC19965-23DE-4695-8BA6-A47E637C8F81}.Debug|Win32.Build.0 = Debug|Win32
		{FAC19965-23DE-4695-8BA6-A47E637C8F81}.Release|Win32.ActiveCfg = Release|Win32
		{FAC19965-23DE-4695-8BA6-A47E637C8F81}.Release|Win32.Build.0 = Release|Win32
		{FAC19965-23DE-4695-8BA6-A47E637C8F81}.MinSizeRel|Win32.ActiveCfg = MinSizeRel|Win32
		{FAC19965-23DE-4695-8BA6-A47E637C8F81}.MinSizeRel|Win32.Build.0 = MinSizeRel|Win32
		{FAC19965-23DE-4695-8BA6-A47E637C8F81}.RelWithDebInfo|Win32.ActiveCfg = RelWithDebInfo|Win32
		{FAC19965-23DE-4695-8BA6-A47E637C8F81}.RelWithDebInfo|Win32.Build.0 = RelWithDebInfo|Win32
		{FCE888A7-C100-41F0-AC1E-3314C25FC70D}.Debug|Win32.ActiveCfg = Debug|Win32
		{FCE888A7-C100-41F0-AC1E-3314C25FC70D}.Debug|Win32.Build.0 = Debug|Win32
		{FCE888A7-C100-41F0-AC1E-3314C25FC70D}.Release|Win32.ActiveCfg = Release|Win32
		{FCE888A7-C100-41F0-AC1E-3314C25FC70D}.Release|Win32.Build.0 = Release|Win32
		{FCE888A7-C100-41F0-AC1E-3314C25FC70D}.MinSizeRel|Win32.ActiveCfg = MinSizeRel|Win32
		{FCE888A7-C100-41F0-AC1E-3314C25FC70D}.MinSizeRel|Win32.Build.0 = MinSizeRel|Win32
		{FCE888A7-C100-41F0-AC1E-3314C25FC70D}.RelWithDebInfo|Win32.ActiveCfg = RelWithDebInfo|Win32
		{FCE888A7-C100-41F0-AC1E-3314C25FC70D}.RelWithDebInfo|Win32.Build.0 = RelWithDebInfo|Win32
		{4AB2D3B6-D752-4D3B-862C-37BA3C68F6EB}.Debug|Win32.ActiveCfg = Debug|Win32
		{4AB2D3B6-D752-4D3B-862C-37BA3C68F6EB}.Debug|Win32.Build.0 = Debug|Win32
		{4AB2D3B6-D752-4D3B-862C-37BA3C68F6EB}.Release|Win32.ActiveCfg = Release|Win32
		{4AB2D3B6-D752-4D3B-862C-37BA3C68F6EB}.Release|Win32.Build.0 = Release|Win32
		{4AB2D3B6-D752-4D3B-862C-37BA3C68F6EB}.MinSizeRel|Win32.ActiveCfg = MinSizeRel|Win32
		{4AB2D3B6-D752-4D3B-862C-37BA3C68F6EB}.MinSizeRel|Win32.Build.0 = MinSizeRel|Win32
		{4AB2D3B6-D752-4D3B-862C-37BA3C68F6EB}.RelWithDebInfo|Win32.ActiveCfg = RelWithDebInfo|Win32
		{4AB2D3B6-D752-4D3B-862C-37BA3C68F6EB}.RelWithDebInfo|Win32.Build.0 = RelWithDebInfo|Win32
		{F678339A-8339-481B-8557-DA9D6493FE27}.Debug|Win32.ActiveCfg = Debug|Win32
		{F678339A-8339-481B-8557-DA9D6493FE27}.Debug|Win32.Build.0 = Debug|Win32
		{F678339A-8339-481B-8557-DA9D6493FE27}.Release|Win32.ActiveCfg = Release|Win32
		{F678339A-8339-481B-8557-DA9D6493FE27}.Release|Win32.Build.0 = Release|Win32
		{F678339A-8339-481B-8557-DA9D6493FE27}.MinSizeRel|Win32.ActiveCfg = MinSizeRel|Win32
		{F678339A-8339-481B-8557-DA9D6493FE27}.MinSizeRel|Win32.Build.0 = MinSizeRel|Win32
		{F678339A-8339-481B-8557-DA9D6493FE27}.RelWithDebInfo|Win32.ActiveCfg = RelWithDebInfo|Win32
		{F678339A-8339-481B-8557-DA9D6493FE27}.RelWithDebInfo|Win32.Build.0 = RelWithDebInfo|Win32
		{92FAB6E0-2FD9-466F-9299-1BA306BC9891}.Debug|Win32.ActiveCfg = Debug|Win32
		{92FAB6E0-2FD9-466F-9299-1BA306BC9891}.Debug|Win32.Build.0 = Debug|Win32
		{92FAB6E0-2FD9-466F-9299-1BA306BC9891}.Release|Win32.ActiveCfg = Release|Win32
		{92FAB6E0-2FD9-466F-9299-1BA306BC9891}.Release|Win32.Build.0 = Release|Win32
		{92FAB6E0-2FD9-466F-9299-1BA306BC9891}.MinSizeRel|Win32.ActiveCfg = MinSizeRel|Win32
		{92FAB6E0-2FD9-466F-9299-1BA306BC9891}.MinSizeRel|Win32.Build.0 = MinSizeRel|Win32
		{92FAB6E0-2FD9-466F-9299-1BA306BC9891}.RelWithDebInfo|Win32.ActiveCfg = RelWithDebInfo|Win32
		{92FAB6E0-2FD9-466F-9299-1BA306BC9891}.RelWithDebInfo|Win32.Build.0 = RelWithDebInfo|Win32
		{A64C839C-7F19-459D-BF15-CEB6A946CBC0}.Debug|Win32.ActiveCfg = Debug|Win32
		{A64C839C-7F19-459D-BF15-CEB6A946CBC0}.Debug|Win32.Build.0 = Debug|Win32
		{A64C839C-7F19-459D-BF15-CEB6A946CBC0}.Release|Win32.ActiveCfg = Release|Win32
		{A64C839C-7F19-459D-BF15-CEB6A946CBC0}.Release|Win32.Build.0 = Release|Win32
		{A64C839C-7F19-459D-BF15-CEB6A946CBC0}.MinSizeRel|Win32.ActiveCfg = MinSizeRel|Win32
		{A64C839C-7F19-459D-BF15-CEB6A946CBC0}.MinSizeRel|Win32.Build.0 = MinSizeRel|Win32
		{A64C839C-7F19-459D-BF15-CEB6A946CBC0}.RelWithDebInfo|Win32.ActiveCfg = RelWithDebInfo|Win32
		{A64C839C-7F19-459D-BF15-CEB6A946CBC0}.RelWithDebInfo|Win32.Build.0 = RelWithDebInfo|Win32
		{F8AC6104-5578-4FFD-AF20-E65DF11FAC97}.Debug|Win32.ActiveCfg = Debug|Win32
		{F8AC6104-5578-4FFD-AF20-E65DF11FAC97}.Debug|Win32.Build.0 = Debug|Win32
		{F8AC6104-5578-4FFD-AF20-E65DF11FAC97}.Release|Win32.ActiveCfg = Release|Win32
		{F8AC6104-5578-4FFD-AF20-E65DF11FAC97}.Release|Win32.Build.0 = Release|Win32
		{F8AC6104-5578-4FFD-AF20-E65DF11FAC97}.MinSizeRel|Win32.ActiveCfg = MinSizeRel|Win32
		{F8AC6104-5578-4FFD-AF20-E65DF11FAC97}.MinSizeRel|Win32.Build.0 = MinSizeRel|Win32
		{F8AC6104-5578-4FFD-AF20-E65DF11FAC97}.RelWithDebInfo|Win32.ActiveCfg = RelWithDebInfo|Win32
		{F8AC6104-5578-4FFD-AF20-E65DF11FAC97}.RelWithDebInfo|Win32.Build.0 = RelWithDebInfo|Win32
		{626B7277-362B-4D85-966E-88EA89BEA281}.Debug|Win32.ActiveCfg = Debug|Win32
		{626B7277-362B-4D85-966E-88EA89BEA281}.Debug|Win32.Build.0 = Debug|Win32
		{626B7277-362B-4D85-966E-88EA89BEA281}.Release|Win32.ActiveCfg = Release|Win32
		{626B7277-362B-4D85-966E-88EA89BEA281}.Release|Win32.Build.0 = Release|Win32
		{626B7277-362B-4D85-966E-88EA89BEA281}.MinSizeRel|Win32.ActiveCfg = MinSizeRel|Win32
		{626B7277-362B-4D85-966E-88EA89BEA281}.MinSizeRel|Win32.Build.0 = MinSizeRel|Win32
		{626B7277-362B-4D85-966E-88EA89BEA281}.RelWithDebInfo|Win32.ActiveCfg = RelWithDebInfo|Win32
		{626B7277-362B-4D85-966E-88EA89BEA281}.RelWithDebInfo|Win32.Build.0 = RelWithDebInfo|Win32
		{A32BF224-A505-42C3-B406-4628D4A15D68}.Debug|Win32.ActiveCfg = Debug|Win32
		{A32BF224-A505-42C3-B406-4628D4A15D68}.Debug|Win32.Build.0 = Debug|Win32
		{A32BF224-A505-42C3-B406-4628D4A15D68}.Release|Win32.ActiveCfg = Release|Win32
		{A32BF224-A505-42C3-B406-4628D4A15D68}.Release|Win32.Build.0 = Release|Win32
		{A32BF224-A505-42C3-B406-4628D4A15D68}.MinSizeRel|Win32.ActiveCfg = MinSizeRel|Win32
		{A32BF224-A505-42C3-B406-4628D4A15D68}.MinSizeRel|Win32.Build.0 = MinSizeRel|Win32
		{A32BF224-A505-42C3-B406-4628D4A15D68}.RelWithDebInfo|Win32.ActiveCfg = RelWithDebInfo|Win32
		{A32BF224-A505-42C3-B406-4628D4A15D68}.RelWithDebInfo|Win32.Build.0 = RelWithDebInfo|Win32
		{A44C1611-6385-4FD5-9BF8-6688CFF80CA1}.Debug|Win32.ActiveCfg = Debug|Win32
		{A44C1611-6385-4FD5-9BF8-6688CFF80CA1}.Debug|Win32.Build.0 = Debug|Win32
		{A44C1611-6385-4FD5-9BF8-6688CFF80CA1}.Release|Win32.ActiveCfg = Release|Win32
		{A44C1611-6385-4FD5-9BF8-6688CFF80CA1}.Release|Win32.Build.0 = Release|Win32
		{A44C1611-6385-4FD5-9BF8-6688CFF80CA1}.MinSizeRel|Win32.ActiveCfg = MinSizeRel|Win32
		{A44C1611-6385-4FD5-9BF8-6688CFF80CA1}.MinSizeRel|Win32.Build.0 = MinSizeRel|Win32
		{A44C1611-6385-4FD5-9BF8-6688CFF80CA1}.RelWithDebInfo|Win32.ActiveCfg = RelWithDebInfo|Win32
		{A44C1611-6385-4FD5-9BF8-6688CFF80CA1}.RelWithDebInfo|Win32.Build.0 = RelWithDebInfo|Win32
		{A61F9B8E-AB2C-4105-8D4E-D4F3D7A37D58}.Debug|Win32.ActiveCfg = Debug|Win32
		{A61F9B8E-AB2C-4105-8D4E-D4F3D7A37D58}.Debug|Win32.Build.0 = Debug|Win32
		{A61F9B8E-AB2C-4105-8D4E-D4F3D7A37D58}.Release|Win32.ActiveCfg = Release|Win32
		{A61F9B8E-AB2C-4105-8D4E-D4F3D7A37D58}.Release|Win32.Build.0 = Release|Win32
		{A61F9B8E-AB2C-4105-8D4E-D4F3D7A37D58}.MinSizeRel|Win32.ActiveCfg = MinSizeRel|Win32
		{A61F9B8E-AB2C-4105-8D4E-D4F3D7A37D58}.MinSizeRel|Win32.Build.0 = MinSizeRel|Win32
		{A61F9B8E-AB2C-4105-8D4E-D4F3D7A37D58}.RelWithDebInfo|Win32.ActiveCfg = RelWithDebInfo|Win32
		{A61F9B8E-AB2C-4105-8D4E-D4F3D7A37D58}.RelWithDebInfo|Win32.Build.0 = RelWithDebInfo|Win32
		{4A62C433-EAB2-4D28-BC2B-5D9DFF24AAE3}.Debug|Win32.ActiveCfg = Debug|Win32
		{4A62C433-EAB2-4D28-BC2B-5D9DFF24AAE3}.Debug|Win32.Build.0 = Debug|Win32
		{4A62C433-EAB2-4D28-BC2B-5D9DFF24AAE3}.Release|Win32.ActiveCfg = Release|Win32
		{4A62C433-EAB2-4D28-BC2B-5D9DFF24AAE3}.Release|Win32.Build.0 = Release|Win32
		{4A62C433-EAB2-4D28-BC2B-5D9DFF24AAE3}.MinSizeRel|Win32.ActiveCfg = MinSizeRel|Win32
		{4A62C433-EAB2-4D28-BC2B-5D9DFF24AAE3}.MinSizeRel|Win32.Build.0 = MinSizeRel|Win32
		{4A62C433-EAB2-4D28-BC2B-5D9DFF24AAE3}.RelWithDebInfo|Win32.ActiveCfg = RelWithDebInfo|Win32
		{4A62C433-EAB2-4D28-BC2B-5D9DFF24AAE3}.RelWithDebInfo|Win32.Build.0 = RelWithDebInfo|Win32
		{CF26646C-B144-40AC-B1EC-388E1D480B5E}.Debug|Win32.ActiveCfg = Debug|Win32
		{CF26646C-B144-40AC-B1EC-388E1D480B5E}.Debug|Win32.Build.0 = Debug|Win32
		{CF26646C-B144-40AC-B1EC-388E1D480B5E}.Release|Win32.ActiveCfg = Release|Win32
		{CF26646C-B144-40AC-B1EC-388E1D480B5E}.Release|Win32.Build.0 = Release|Win32
		{CF26646C-B144-40AC-B1EC-388E1D480B5E}.MinSizeRel|Win32.ActiveCfg = MinSizeRel|Win32
		{CF26646C-B144-40AC-B1EC-388E1D480B5E}.MinSizeRel|Win32.Build.0 = MinSizeRel|Win32
		{CF26646C-B144-40AC-B1EC-388E1D480B5E}.RelWithDebInfo|Win32.ActiveCfg = RelWithDebInfo|Win32
		{CF26646C-B144-40AC-B1EC-388E1D480B5E}.RelWithDebInfo|Win32.Build.0 = RelWithDebInfo|Win32
		{352F2829-6359-4256-A648-D4AED91704BF}.Debug|Win32.ActiveCfg = Debug|Win32
		{352F2829-6359-4256-A648-D4AED91704BF}.Debug|Win32.Build.0 = Debug|Win32
		{352F2829-6359-4256-A648-D4AED91704BF}.Release|Win32.ActiveCfg = Release|Win32
		{352F2829-6359-4256-A648-D4AED91704BF}.Release|Win32.Build.0 = Release|Win32
		{352F2829-6359-4256-A648-D4AED91704BF}.MinSizeRel|Win32.ActiveCfg = MinSizeRel|Win32
		{352F2829-6359-4256-A648-D4AED91704BF}.MinSizeRel|Win32.Build.0 = MinSizeRel|Win32
		{352F2829-6359-4256-A648-D4AED91704BF}.RelWithDebInfo|Win32.ActiveCfg = RelWithDebInfo|Win32
		{352F2829-6359-4256-A648-D4AED91704BF}.RelWithDebInfo|Win32.Build.0 = RelWithDebInfo|Win32
		{B22EA275-739C-4900-949B-669E3242B63B}.Debug|Win32.ActiveCfg = Debug|Win32
		{B22EA275-739C-4900-949B-669E3242B63B}.Debug|Win32.Build.0 = Debug|Win32
		{B22EA275-739C-4900-949B-669E3242B63B}.Release|Win32.ActiveCfg = Release|Win32
		{B22EA275-739C-4900-949B-669E3242B63B}.Release|Win32.Build.0 = Release|Win32
		{B22EA275-739C-4900-949B-669E3242B63B}.MinSizeRel|Win32.ActiveCfg = MinSizeRel|Win32
		{B22EA275-739C-4900-949B-669E3242B63B}.MinSizeRel|Win32.Build.0 = MinSizeRel|Win32
		{B22EA275-739C-4900-949B-669E3242B63B}.RelWithDebInfo|Win32.ActiveCfg = RelWithDebInfo|Win32
		{B22EA275-739C-4900-949B-669E3242B63B}.RelWithDebInfo|Win32.Build.0 = RelWithDebInfo|Win32
		{8EE058F2-5DF8-4A12-AF1A-01528BA348FA}.Debug|Win32.ActiveCfg = Debug|Win32
		{8EE058F2-5DF8-4A12-AF1A-01528BA348FA}.Debug|Win32.Build.0 = Debug|Win32
		{8EE058F2-5DF8-4A12-AF1A-01528BA348FA}.Release|Win32.ActiveCfg = Release|Win32
		{8EE058F2-5DF8-4A12-AF1A-01528BA348FA}.Release|Win32.Build.0 = Release|Win32
		{8EE058F2-5DF8-4A12-AF1A-01528BA348FA}.MinSizeRel|Win32.ActiveCfg = MinSizeRel|Win32
		{8EE058F2-5DF8-4A12-AF1A-01528BA348FA}.MinSizeRel|Win32.Build.0 = MinSizeRel|Win32
		{8EE058F2-5DF8-4A12-AF1A-01528BA348FA}.RelWithDebInfo|Win32.ActiveCfg = RelWithDebInfo|Win32
		{8EE058F2-5DF8-4A12-AF1A-01528BA348FA}.RelWithDebInfo|Win32.Build.0 = RelWithDebInfo|Win32
		{C0B4C72A-DAC4-4321-863B-9B20767F209E}.Debug|Win32.ActiveCfg = Debug|Win32
		{C0B4C72A-DAC4-4321-863B-9B20767F209E}.Debug|Win32.Build.0 = Debug|Win32
		{C0B4C72A-DAC4-4321-863B-9B20767F209E}.Release|Win32.ActiveCfg = Release|Win32
		{C0B4C72A-DAC4-4321-863B-9B20767F209E}.Release|Win32.Build.0 = Release|Win32
		{C0B4C72A-DAC4-4321-863B-9B20767F209E}.MinSizeRel|Win32.ActiveCfg = MinSizeRel|Win32
		{C0B4C72A-DAC4-4321-863B-9B20767F209E}.MinSizeRel|Win32.Build.0 = MinSizeRel|Win32
		{C0B4C72A-DAC4-4321-863B-9B20767F209E}.RelWithDebInfo|Win32.ActiveCfg = RelWithDebInfo|Win32
		{C0B4C72A-DAC4-4321-863B-9B20767F209E}.RelWithDebInfo|Win32.Build.0 = RelWithDebInfo|Win32
		{24727A15-7FA5-450C-86A0-1DB973E095AF}.Debug|Win32.ActiveCfg = Debug|Win32
		{24727A15-7FA5-450C-86A0-1DB973E095AF}.Debug|Win32.Build.0 = Debug|Win32
		{24727A15-7FA5-450C-86A0-1DB973E095AF}.Release|Win32.ActiveCfg = Release|Win32
		{24727A15-7FA5-450C-86A0-1DB973E095AF}.Release|Win32.Build.0 = Release|Win32
		{24727A15-7FA5-450C-86A0-1DB973E095AF}.MinSizeRel|Win32.ActiveCfg = MinSizeRel|Win32
		{24727A15-7FA5-450C-86A0-1DB973E095AF}.MinSizeRel|Win32.Build.0 = MinSizeRel|Win32
		{24727A15-7FA5-450C-86A0-1DB973E095AF}.RelWithDebInfo|Win32.ActiveCfg = RelWithDebInfo|Win32
		{24727A15-7FA5-450C-86A0-1DB973E095AF}.RelWithDebInfo|Win32.Build.0 = RelWithDebInfo|Win32
		{25278D19-13E2-4766-B744-4E0C133CBD1E}.Debug|Win32.ActiveCfg = Debug|Win32
		{25278D19-13E2-4766-B744-4E0C133CBD1E}.Debug|Win32.Build.0 = Debug|Win32
		{25278D19-13E2-4766-B744-4E0C133CBD1E}.Release|Win32.ActiveCfg = Release|Win32
		{25278D19-13E2-4766-B744-4E0C133CBD1E}.Release|Win32.Build.0 = Release|Win32
		{25278D19-13E2-4766-B744-4E0C133CBD1E}.MinSizeRel|Win32.ActiveCfg = MinSizeRel|Win32
		{25278D19-13E2-4766-B744-4E0C133CBD1E}.MinSizeRel|Win32.Build.0 = MinSizeRel|Win32
		{25278D19-13E2-4766-B744-4E0C133CBD1E}.RelWithDebInfo|Win32.ActiveCfg = RelWithDebInfo|Win32
		{25278D19-13E2-4766-B744-4E0C133CBD1E}.RelWithDebInfo|Win32.Build.0 = RelWithDebInfo|Win32
		{FB4BF392-83E3-4FF6-BA58-A1E77B18C8AE}.Debug|Win32.ActiveCfg = Debug|Win32
		{FB4BF392-83E3-4FF6-BA58-A1E77B18C8AE}.Debug|Win32.Build.0 = Debug|Win32
		{FB4BF392-83E3-4FF6-BA58-A1E77B18C8AE}.Release|Win32.ActiveCfg = Release|Win32
		{FB4BF392-83E3-4FF6-BA58-A1E77B18C8AE}.Release|Win32.Build.0 = Release|Win32
		{FB4BF392-83E3-4FF6-BA58-A1E77B18C8AE}.MinSizeRel|Win32.ActiveCfg = MinSizeRel|Win32
		{FB4BF392-83E3-4FF6-BA58-A1E77B18C8AE}.MinSizeRel|Win32.Build.0 = MinSizeRel|Win32
		{FB4BF392-83E3-4FF6-BA58-A1E77B18C8AE}.RelWithDebInfo|Win32.ActiveCfg = RelWithDebInfo|Win32
		{FB4BF392-83E3-4FF6-BA58-A1E77B18C8AE}.RelWithDebInfo|Win32.Build.0 = RelWithDebInfo|Win32
		{5BFB73EB-D368-4863-BC40-E34BF93D184A}.Debug|Win32.ActiveCfg = Debug|Win32
		{5BFB73EB-D368-4863-BC40-E34BF93D184A}.Debug|Win32.Build.0 = Debug|Win32
		{5BFB73EB-D368-4863-BC40-E34BF93D184A}.Release|Win32.ActiveCfg = Release|Win32
		{5BFB73EB-D368-4863-BC40-E34BF93D184A}.Release|Win32.Build.0 = Release|Win32
		{5BFB73EB-D368-4863-BC40-E34BF93D184A}.MinSizeRel|Win32.ActiveCfg = MinSizeRel|Win32
		{5BFB73EB-D368-4863-BC40-E34BF93D184A}.MinSizeRel|Win32.Build.0 = MinSizeRel|Win32
		{5BFB73EB-D368-4863-BC40-E34BF93D184A}.RelWithDebInfo|Win32.ActiveCfg = RelWithDebInfo|Win32
		{5BFB73EB-D368-4863-BC40-E34BF93D184A}.RelWithDebInfo|Win32.Build.0 = RelWithDebInfo|Win32
		{519187F3-C5E6-479A-8A10-569C1A8853B6}.Debug|Win32.ActiveCfg = Debug|Win32
		{519187F3-C5E6-479A-8A10-569C1A8853B6}.Debug|Win32.Build.0 = Debug|Win32
		{519187F3-C5E6-479A-8A10-569C1A8853B6}.Release|Win32.ActiveCfg = Release|Win32
		{519187F3-C5E6-479A-8A10-569C1A8853B6}.Release|Win32.Build.0 = Release|Win32
		{519187F3-C5E6-479A-8A10-569C1A8853B6}.MinSizeRel|Win32.ActiveCfg = MinSizeRel|Win32
		{519187F3-C5E6-479A-8A10-569C1A8853B6}.MinSizeRel|Win32.Build.0 = MinSizeRel|Win32
		{519187F3-C5E6-479A-8A10-569C1A8853B6}.RelWithDebInfo|Win32.ActiveCfg = RelWithDebInfo|Win32
		{519187F3-C5E6-479A-8A10-569C1A8853B6}.RelWithDebInfo|Win32.Build.0 = RelWithDebInfo|Win32
		{9CDA27CD-673A-4C59-B316-561242F25205}.Debug|Win32.ActiveCfg = Debug|Win32
		{9CDA27CD-673A-4C59-B316-561242F25205}.Debug|Win32.Build.0 = Debug|Win32
		{9CDA27CD-673A-4C59-B316-561242F25205}.Release|Win32.ActiveCfg = Release|Win32
		{9CDA27CD-673A-4C59-B316-561242F25205}.Release|Win32.Build.0 = Release|Win32
		{9CDA27CD-673A-4C59-B316-561242F25205}.MinSizeRel|Win32.ActiveCfg = MinSizeRel|Win32
		{9CDA27CD-673A-4C59-B316-561242F25205}.MinSizeRel|Win32.Build.0 = MinSizeRel|Win32
		{9CDA27CD-673A-4C59-B316-561242F25205}.RelWithDebInfo|Win32.ActiveCfg = RelWithDebInfo|Win32
		{9CDA27CD-673A-4C59-B316-561242F25205}.RelWithDebInfo|Win32.Build.0 = RelWithDebInfo|Win32
		{82AF23A3-2E51-4E4A-8C5A-EFF880C00055}.Debug|Win32.ActiveCfg = Debug|Win32
		{82AF23A3-2E51-4E4A-8C5A-EFF880C00055}.Debug|Win32.Build.0 = Debug|Win32
		{82AF23A3-2E51-4E4A-8C5A-EFF880C00055}.Release|Win32.ActiveCfg = Release|Win32
		{82AF23A3-2E51-4E4A-8C5A-EFF880C00055}.Release|Win32.Build.0 = Release|Win32
		{82AF23A3-2E51-4E4A-8C5A-EFF880C00055}.MinSizeRel|Win32.ActiveCfg = MinSizeRel|Win32
		{82AF23A3-2E51-4E4A-8C5A-EFF880C00055}.MinSizeRel|Win32.Build.0 = MinSizeRel|Win32
		{82AF23A3-2E51-4E4A-8C5A-EFF880C00055}.RelWithDebInfo|Win32.ActiveCfg = RelWithDebInfo|Win32
		{82AF23A3-2E51-4E4A-8C5A-EFF880C00055}.RelWithDebInfo|Win32.Build.0 = RelWithDebInfo|Win32
		{A3E69F2D-E7C6-4F98-9D82-F26D6D887195}.Debug|Win32.ActiveCfg = Debug|Win32
		{A3E69F2D-E7C6-4F98-9D82-F26D6D887195}.Debug|Win32.Build.0 = Debug|Win32
		{A3E69F2D-E7C6-4F98-9D82-F26D6D887195}.Release|Win32.ActiveCfg = Release|Win32
		{A3E69F2D-E7C6-4F98-9D82-F26D6D887195}.Release|Win32.Build.0 = Release|Win32
		{A3E69F2D-E7C6-4F98-9D82-F26D6D887195}.MinSizeRel|Win32.ActiveCfg = MinSizeRel|Win32
		{A3E69F2D-E7C6-4F98-9D82-F26D6D887195}.MinSizeRel|Win32.Build.0 = MinSizeRel|Win32
		{A3E69F2D-E7C6-4F98-9D82-F26D6D887195}.RelWithDebInfo|Win32.ActiveCfg = RelWithDebInfo|Win32
		{A3E69F2D-E7C6-4F98-9D82-F26D6D887195}.RelWithDebInfo|Win32.Build.0 = RelWithDebInfo|Win32
	EndGlobalSection
	GlobalSection(ExtensibilityGlobals) = postSolution
	EndGlobalSection
	GlobalSection(ExtensibilityAddIns) = postSolution
	EndGlobalSection
EndGlobal
