<?xml version="1.0" encoding="utf-8"?>
<Project ToolsVersion="4.0" xmlns="http://schemas.microsoft.com/developer/msbuild/2003">
  <ItemGroup>
    <Filter Include="cegui">
      <UniqueIdentifier>{7237eaa9-cd17-4101-9604-f7be05e1b9b7}</UniqueIdentifier>
    </Filter>
    <Filter Include="cegui\src">
      <UniqueIdentifier>{452f15e5-69f4-48a5-93f1-9a26aa613f89}</UniqueIdentifier>
    </Filter>
    <Filter Include="cegui\src\RendererModules">
      <UniqueIdentifier>{d7ce678d-325d-4c81-bf76-e7980b753483}</UniqueIdentifier>
    </Filter>
    <Filter Include="cegui\src\RendererModules\Direct3D9">
      <UniqueIdentifier>{390ddb3a-388e-463e-a639-35df7d392114}</UniqueIdentifier>
    </Filter>
    <Filter Include="cegui\include">
      <UniqueIdentifier>{a8c6ccff-181e-4593-a373-c500f5f1c5ce}</UniqueIdentifier>
    </Filter>
    <Filter Include="cegui\include\RendererModules">
      <UniqueIdentifier>{69d4c87e-394c-4747-aa49-f7a428aacddb}</UniqueIdentifier>
    </Filter>
    <Filter Include="cegui\include\RendererModules\Direct3D9">
      <UniqueIdentifier>{a9031dc5-137a-4eda-a876-7309be16aef6}</UniqueIdentifier>
    </Filter>
  </ItemGroup>
  <ItemGroup>
    <ClCompile Include="..\..\..\..\cegui\src\RendererModules\Direct3D9\CEGUIDirect3D9GeometryBuffer.cpp">
      <Filter>cegui\src\RendererModules\Direct3D9</Filter>
    </ClCompile>
    <ClCompile Include="..\..\..\..\cegui\src\RendererModules\Direct3D9\CEGUIDirect3D9Renderer.cpp">
      <Filter>cegui\src\RendererModules\Direct3D9</Filter>
    </ClCompile>
    <ClCompile Include="..\..\..\..\cegui\src\RendererModules\Direct3D9\CEGUIDirect3D9RenderTarget.cpp">
      <Filter>cegui\src\RendererModules\Direct3D9</Filter>
    </ClCompile>
    <ClCompile Include="..\..\..\..\cegui\src\RendererModules\Direct3D9\CEGUIDirect3D9Texture.cpp">
      <Filter>cegui\src\RendererModules\Direct3D9</Filter>
    </ClCompile>
    <ClCompile Include="..\..\..\..\cegui\src\RendererModules\Direct3D9\CEGUIDirect3D9TextureTarget.cpp">
      <Filter>cegui\src\RendererModules\Direct3D9</Filter>
    </ClCompile>
    <ClCompile Include="..\..\..\..\cegui\src\RendererModules\Direct3D9\CEGUIDirect3D9ViewportTarget.cpp">
      <Filter>cegui\src\RendererModules\Direct3D9</Filter>
    </ClCompile>
  </ItemGroup>
  <ItemGroup>
    <ClInclude Include="..\..\..\..\cegui\include\RendererModules\Direct3D9\CEGUIDirect3D9GeometryBuffer.h">
      <Filter>cegui\include\RendererModules\Direct3D9</Filter>
    </ClInclude>
    <ClInclude Include="..\..\..\..\cegui\include\RendererModules\Direct3D9\CEGUIDirect3D9Renderer.h">
      <Filter>cegui\include\RendererModules\Direct3D9</Filter>
    </ClInclude>
    <ClInclude Include="..\..\..\..\cegui\include\RendererModules\Direct3D9\CEGUIDirect3D9RenderTarget.h">
      <Filter>cegui\include\RendererModules\Direct3D9</Filter>
    </ClInclude>
    <ClInclude Include="..\..\..\..\cegui\include\RendererModules\Direct3D9\CEGUIDirect3D9Texture.h">
      <Filter>cegui\include\RendererModules\Direct3D9</Filter>
    </ClInclude>
    <ClInclude Include="..\..\..\..\cegui\include\RendererModules\Direct3D9\CEGUIDirect3D9TextureTarget.h">
      <Filter>cegui\include\RendererModules\Direct3D9</Filter>
    </ClInclude>
    <ClInclude Include="..\..\..\..\cegui\include\RendererModules\Direct3D9\CEGUIDirect3D9ViewportTarget.h">
      <Filter>cegui\include\RendererModules\Direct3D9</Filter>
    </ClInclude>
  </ItemGroup>
</Project>