<?xml version="1.0" encoding="utf-8"?>
<Project ToolsVersion="4.0" xmlns="http://schemas.microsoft.com/developer/msbuild/2003">
  <ItemGroup>
    <Filter Include="cegui">
      <UniqueIdentifier>{56a14fcc-0c8f-435d-9a67-6eeae27068c9}</UniqueIdentifier>
    </Filter>
    <Filter Include="cegui\src">
      <UniqueIdentifier>{214b0510-fd3c-40bd-9a91-1d36cbefda29}</UniqueIdentifier>
    </Filter>
    <Filter Include="cegui\src\ImageCodecModules">
      <UniqueIdentifier>{4494d6e3-ac17-4ea6-bfb6-7e3086922ddd}</UniqueIdentifier>
    </Filter>
    <Filter Include="cegui\src\ImageCodecModules\CoronaImageCodec">
      <UniqueIdentifier>{e43979f0-d375-48a8-a373-68ab45702d50}</UniqueIdentifier>
    </Filter>
    <Filter Include="cegui\include">
      <UniqueIdentifier>{39ce7bb9-b01a-4df4-b914-bafc33404615}</UniqueIdentifier>
    </Filter>
    <Filter Include="cegui\include\ImageCodecModules">
      <UniqueIdentifier>{c312afb4-9791-4cb4-ae21-72392f33a278}</UniqueIdentifier>
    </Filter>
    <Filter Include="cegui\include\ImageCodecModules\CoronaImageCodec">
      <UniqueIdentifier>{96af675e-3bb5-43df-aa80-0a484c88bb17}</UniqueIdentifier>
    </Filter>
  </ItemGroup>
  <ItemGroup>
    <ClCompile Include="..\..\..\..\cegui\src\ImageCodecModules\CoronaImageCodec\CEGUICoronaImageCodec.cpp">
      <Filter>cegui\src\ImageCodecModules\CoronaImageCodec</Filter>
    </ClCompile>
    <ClCompile Include="..\..\..\..\cegui\src\ImageCodecModules\CoronaImageCodec\CEGUICoronaImageCodecModule.cpp">
      <Filter>cegui\src\ImageCodecModules\CoronaImageCodec</Filter>
    </ClCompile>
  </ItemGroup>
  <ItemGroup>
    <ClInclude Include="..\..\..\..\cegui\include\ImageCodecModules\CoronaImageCodec\CEGUICoronaImageCodec.h">
      <Filter>cegui\include\ImageCodecModules\CoronaImageCodec</Filter>
    </ClInclude>
    <ClInclude Include="..\..\..\..\cegui\include\ImageCodecModules\CoronaImageCodec\CEGUICoronaImageCodecModule.h">
      <Filter>cegui\include\ImageCodecModules\CoronaImageCodec</Filter>
    </ClInclude>
  </ItemGroup>
</Project>