<?xml version="1.0" encoding="utf-8"?>
<Project ToolsVersion="4.0" xmlns="http://schemas.microsoft.com/developer/msbuild/2003">
  <ItemGroup>
    <Filter Include="cegui">
      <UniqueIdentifier>{87f7ac49-3633-45eb-ae81-6057cfecf9a1}</UniqueIdentifier>
    </Filter>
    <Filter Include="cegui\src">
      <UniqueIdentifier>{7c3ddd9f-3cc7-4463-af98-a8aa56c5ac38}</UniqueIdentifier>
    </Filter>
    <Filter Include="cegui\src\RendererModules">
      <UniqueIdentifier>{00f9081c-e68e-4f72-bef2-75240c885a61}</UniqueIdentifier>
    </Filter>
    <Filter Include="cegui\src\RendererModules\OpenGL">
      <UniqueIdentifier>{45f5f866-b8c2-4b5a-b3eb-1693f7b29085}</UniqueIdentifier>
    </Filter>
    <Filter Include="cegui\src\RendererModules\OpenGL\GLEW">
      <UniqueIdentifier>{60ecd3ea-6d55-4cb2-a3b7-a70f92a60667}</UniqueIdentifier>
    </Filter>
    <Filter Include="cegui\src\RendererModules\OpenGL\GLEW\src">
      <UniqueIdentifier>{f90714cd-0b7f-4e1f-bc21-58ce1109482a}</UniqueIdentifier>
    </Filter>
    <Filter Include="cegui\src\RendererModules\OpenGL\GLEW\GL">
      <UniqueIdentifier>{c2c1dd41-f5f4-4573-bbed-997eeb36475b}</UniqueIdentifier>
    </Filter>
    <Filter Include="cegui\include">
      <UniqueIdentifier>{aeae7727-8b29-44d6-94fe-b0bd3176556f}</UniqueIdentifier>
    </Filter>
    <Filter Include="cegui\include\RendererModules">
      <UniqueIdentifier>{7876f9f2-6080-4b9b-8536-18c03d4a3056}</UniqueIdentifier>
    </Filter>
    <Filter Include="cegui\include\RendererModules\OpenGL">
      <UniqueIdentifier>{8a252cb5-bdef-453b-b091-695d105f0b26}</UniqueIdentifier>
    </Filter>
  </ItemGroup>
  <ItemGroup>
    <ClCompile Include="..\..\..\..\cegui\src\RendererModules\OpenGL\GLEW\src\glew.c">
      <Filter>cegui\src\RendererModules\OpenGL\GLEW\src</Filter>
    </ClCompile>
    <ClCompile Include="..\..\..\..\cegui\src\RendererModules\OpenGL\CEGUIOpenGLFBOTextureTarget.cpp">
      <Filter>cegui\src\RendererModules\OpenGL</Filter>
    </ClCompile>
    <ClCompile Include="..\..\..\..\cegui\src\RendererModules\OpenGL\CEGUIOpenGLGeometryBuffer.cpp">
      <Filter>cegui\src\RendererModules\OpenGL</Filter>
    </ClCompile>
    <ClCompile Include="..\..\..\..\cegui\src\RendererModules\OpenGL\CEGUIOpenGLRenderer.cpp">
      <Filter>cegui\src\RendererModules\OpenGL</Filter>
    </ClCompile>
    <ClCompile Include="..\..\..\..\cegui\src\RendererModules\OpenGL\CEGUIOpenGLRenderTarget.cpp">
      <Filter>cegui\src\RendererModules\OpenGL</Filter>
    </ClCompile>
    <ClCompile Include="..\..\..\..\cegui\src\RendererModules\OpenGL\CEGUIOpenGLTexture.cpp">
      <Filter>cegui\src\RendererModules\OpenGL</Filter>
    </ClCompile>
    <ClCompile Include="..\..\..\..\cegui\src\RendererModules\OpenGL\CEGUIOpenGLTextureTarget.cpp">
      <Filter>cegui\src\RendererModules\OpenGL</Filter>
    </ClCompile>
    <ClCompile Include="..\..\..\..\cegui\src\RendererModules\OpenGL\CEGUIOpenGLViewportTarget.cpp">
      <Filter>cegui\src\RendererModules\OpenGL</Filter>
    </ClCompile>
    <ClCompile Include="..\..\..\..\cegui\src\RendererModules\OpenGL\CEGUIOpenGLWGLPBTextureTarget.cpp">
      <Filter>cegui\src\RendererModules\OpenGL</Filter>
    </ClCompile>
  </ItemGroup>
  <ItemGroup>
    <ClInclude Include="..\..\..\..\cegui\src\RendererModules\OpenGL\GLEW\GL\glew.h">
      <Filter>cegui\src\RendererModules\OpenGL\GLEW\GL</Filter>
    </ClInclude>
    <ClInclude Include="..\..\..\..\cegui\src\RendererModules\OpenGL\GLEW\GL\glxew.h">
      <Filter>cegui\src\RendererModules\OpenGL\GLEW\GL</Filter>
    </ClInclude>
    <ClInclude Include="..\..\..\..\cegui\src\RendererModules\OpenGL\GLEW\GL\wglew.h">
      <Filter>cegui\src\RendererModules\OpenGL\GLEW\GL</Filter>
    </ClInclude>
    <ClInclude Include="..\..\..\..\cegui\include\RendererModules\OpenGL\CEGUIOpenGL.h">
      <Filter>cegui\include\RendererModules\OpenGL</Filter>
    </ClInclude>
    <ClInclude Include="..\..\..\..\cegui\include\RendererModules\OpenGL\CEGUIOpenGLFBOTextureTarget.h">
      <Filter>cegui\include\RendererModules\OpenGL</Filter>
    </ClInclude>
    <ClInclude Include="..\..\..\..\cegui\include\RendererModules\OpenGL\CEGUIOpenGLGeometryBuffer.h">
      <Filter>cegui\include\RendererModules\OpenGL</Filter>
    </ClInclude>
    <ClInclude Include="..\..\..\..\cegui\include\RendererModules\OpenGL\CEGUIOpenGLRenderer.h">
      <Filter>cegui\include\RendererModules\OpenGL</Filter>
    </ClInclude>
    <ClInclude Include="..\..\..\..\cegui\include\RendererModules\OpenGL\CEGUIOpenGLRenderTarget.h">
      <Filter>cegui\include\RendererModules\OpenGL</Filter>
    </ClInclude>
    <ClInclude Include="..\..\..\..\cegui\include\RendererModules\OpenGL\CEGUIOpenGLTexture.h">
      <Filter>cegui\include\RendererModules\OpenGL</Filter>
    </ClInclude>
    <ClInclude Include="..\..\..\..\cegui\include\RendererModules\OpenGL\CEGUIOpenGLTextureTarget.h">
      <Filter>cegui\include\RendererModules\OpenGL</Filter>
    </ClInclude>
    <ClInclude Include="..\..\..\..\cegui\include\RendererModules\OpenGL\CEGUIOpenGLViewportTarget.h">
      <Filter>cegui\include\RendererModules\OpenGL</Filter>
    </ClInclude>
    <ClInclude Include="..\..\..\..\cegui\include\RendererModules\OpenGL\CEGUIOpenGLWGLPBTextureTarget.h">
      <Filter>cegui\include\RendererModules\OpenGL</Filter>
    </ClInclude>
  </ItemGroup>
</Project>